// !$*UTF8*$!
{
	archiveVersion = 1;
	classes = {
	};
	objectVersion = 52;
	objects = {

/* Begin PBXBuildFile section */
		4E0B7424269BD5380066345B /* InstructionsListItem.swift in Sources */ = {isa = PBXBuildFile; fileRef = 4E0B7423269BD5380066345B /* InstructionsListItem.swift */; };
		4E0B7427269C21840066345B /* GettingStartedPage.swift in Sources */ = {isa = PBXBuildFile; fileRef = 4E0B7426269C21840066345B /* GettingStartedPage.swift */; };
		4E0B7429269C22390066345B /* SettingsPage.swift in Sources */ = {isa = PBXBuildFile; fileRef = 4E0B7428269C22390066345B /* SettingsPage.swift */; };
		4E0B742B269C2A4A0066345B /* SupportUsPage.swift in Sources */ = {isa = PBXBuildFile; fileRef = 4E0B742A269C2A4A0066345B /* SupportUsPage.swift */; };
		4E14C380261E8624001AE827 /* IPAKeyboardApp.swift in Sources */ = {isa = PBXBuildFile; fileRef = 4E14C37F261E8624001AE827 /* IPAKeyboardApp.swift */; };
		4E14C384261E864C001AE827 /* MainTabView.swift in Sources */ = {isa = PBXBuildFile; fileRef = 4E14C383261E864C001AE827 /* MainTabView.swift */; };
		4E14C3AF261E8E16001AE827 /* Localizable.strings in Resources */ = {isa = PBXBuildFile; fileRef = 4E14C3B1261E8E16001AE827 /* Localizable.strings */; };
		4E14C3BD261EAD6F001AE827 /* BlueButtonStyle.swift in Sources */ = {isa = PBXBuildFile; fileRef = 4E14C3BC261EAD6F001AE827 /* BlueButtonStyle.swift */; };
		4E19A47626ED4F80008F3341 /* KeyboardSectionIdentifiable.swift in Sources */ = {isa = PBXBuildFile; fileRef = 4E19A47526ED4F80008F3341 /* KeyboardSectionIdentifiable.swift */; };
		4E19A47726ED4F80008F3341 /* KeyboardSectionIdentifiable.swift in Sources */ = {isa = PBXBuildFile; fileRef = 4E19A47526ED4F80008F3341 /* KeyboardSectionIdentifiable.swift */; };
		4E19A47926EE8B6B008F3341 /* HoldRepeatButton.swift in Sources */ = {isa = PBXBuildFile; fileRef = 4E19A47826EE8B6B008F3341 /* HoldRepeatButton.swift */; };
		4E19A47A26EE8B6B008F3341 /* HoldRepeatButton.swift in Sources */ = {isa = PBXBuildFile; fileRef = 4E19A47826EE8B6B008F3341 /* HoldRepeatButton.swift */; };
		4E3F5659269C45E4002B91A6 /* SettingsCustomKeyboardPage.swift in Sources */ = {isa = PBXBuildFile; fileRef = 4E3F5658269C45E4002B91A6 /* SettingsCustomKeyboardPage.swift */; };
		4E4030EA269C584C0081E3FD /* UIApplicationFunctions.swift in Sources */ = {isa = PBXBuildFile; fileRef = 4E4030E9269C584C0081E3FD /* UIApplicationFunctions.swift */; };
		4E4030F0269D456D0081E3FD /* SupportUsPageButtons.swift in Sources */ = {isa = PBXBuildFile; fileRef = 4E4030EF269D456D0081E3FD /* SupportUsPageButtons.swift */; };
		4E4030F4269FE0530081E3FD /* View+makeStackNavigationPage.swift in Sources */ = {isa = PBXBuildFile; fileRef = 4E4030F3269FE0520081E3FD /* View+makeStackNavigationPage.swift */; };
		4E4C516B2462D5DC00B9AC43 /* LargeDisplayKeyArrangement.swift in Sources */ = {isa = PBXBuildFile; fileRef = 4E4C516A2462D5DC00B9AC43 /* LargeDisplayKeyArrangement.swift */; };
		4E5D174B26EAE751003B5C5B /* GlobalSymbols.swift in Sources */ = {isa = PBXBuildFile; fileRef = 4E6755F822EA0F0E00DA88BB /* GlobalSymbols.swift */; };
		4E5D174D26EAE8B8003B5C5B /* UIInputViewController+.swift in Sources */ = {isa = PBXBuildFile; fileRef = 4E5D174C26EAE8B8003B5C5B /* UIInputViewController+.swift */; };
		4E5D174E26EAE8B8003B5C5B /* UIInputViewController+.swift in Sources */ = {isa = PBXBuildFile; fileRef = 4E5D174C26EAE8B8003B5C5B /* UIInputViewController+.swift */; };
		4E5D175226EAE916003B5C5B /* ToolbarButtonStyles.swift in Sources */ = {isa = PBXBuildFile; fileRef = 4E5D175126EAE916003B5C5B /* ToolbarButtonStyles.swift */; };
		4E5D175326EAE916003B5C5B /* ToolbarButtonStyles.swift in Sources */ = {isa = PBXBuildFile; fileRef = 4E5D175126EAE916003B5C5B /* ToolbarButtonStyles.swift */; };
		4E5D175826EAEB39003B5C5B /* RepeatTimer.swift in Sources */ = {isa = PBXBuildFile; fileRef = 4E5D175726EAEB39003B5C5B /* RepeatTimer.swift */; };
		4E5D175926EAEB39003B5C5B /* RepeatTimer.swift in Sources */ = {isa = PBXBuildFile; fileRef = 4E5D175726EAEB39003B5C5B /* RepeatTimer.swift */; };
		4E5D175B26EAED83003B5C5B /* SystemSounds.swift in Sources */ = {isa = PBXBuildFile; fileRef = 4E5D175A26EAED83003B5C5B /* SystemSounds.swift */; };
		4E5D175C26EAED83003B5C5B /* SystemSounds.swift in Sources */ = {isa = PBXBuildFile; fileRef = 4E5D175A26EAED83003B5C5B /* SystemSounds.swift */; };
		4E5D175E26EAF00E003B5C5B /* BottomRow.swift in Sources */ = {isa = PBXBuildFile; fileRef = 4E5D175D26EAF00E003B5C5B /* BottomRow.swift */; };
		4E5D175F26EAF00E003B5C5B /* BottomRow.swift in Sources */ = {isa = PBXBuildFile; fileRef = 4E5D175D26EAF00E003B5C5B /* BottomRow.swift */; };
		4E6755F422EA062800DA88BB /* MasterKeyboardViewController.swift in Sources */ = {isa = PBXBuildFile; fileRef = 4E6755F222EA062800DA88BB /* MasterKeyboardViewController.swift */; };
		4E6755F922EA0F0E00DA88BB /* GlobalSymbols.swift in Sources */ = {isa = PBXBuildFile; fileRef = 4E6755F822EA0F0E00DA88BB /* GlobalSymbols.swift */; };
		4E84B15D2140E9330078AC4B /* Assets.xcassets in Resources */ = {isa = PBXBuildFile; fileRef = 4E84B15C2140E9330078AC4B /* Assets.xcassets */; };
		4E84B18A2140E9980078AC4B /* KeyboardViewController.swift in Sources */ = {isa = PBXBuildFile; fileRef = 4E84B1892140E9980078AC4B /* KeyboardViewController.swift */; };
		4E84B18E2140E9980078AC4B /* IPA Keyboard Extension.appex in Embed App Extensions */ = {isa = PBXBuildFile; fileRef = 4E84B1872140E9980078AC4B /* IPA Keyboard Extension.appex */; settings = {ATTRIBUTES = (RemoveHeadersOnCopy, ); }; };
		4E84B1962142624C0078AC4B /* IPASymbols.swift in Sources */ = {isa = PBXBuildFile; fileRef = 4E84B1952142624C0078AC4B /* IPASymbols.swift */; };
		4E84B1A221452AF00078AC4B /* SectionHeader.swift in Sources */ = {isa = PBXBuildFile; fileRef = 4E84B1A121452AF00078AC4B /* SectionHeader.swift */; };
		4E84B1AB21456EEB0078AC4B /* Localizable.strings in Resources */ = {isa = PBXBuildFile; fileRef = 4E84B1A921456EEB0078AC4B /* Localizable.strings */; };
		4E84B1B9214745CE0078AC4B /* KeyButtonCell.swift in Sources */ = {isa = PBXBuildFile; fileRef = 4E84B1B8214745CE0078AC4B /* KeyButtonCell.swift */; };
		4EAA9212217F831A0015DBFE /* InfoPlist.strings in Resources */ = {isa = PBXBuildFile; fileRef = 4EAA9214217F831A0015DBFE /* InfoPlist.strings */; };
		4EAC2B70214B5F54008CF477 /* InfoPlist.strings in Resources */ = {isa = PBXBuildFile; fileRef = 4EAC2B72214B5F54008CF477 /* InfoPlist.strings */; };
		4EAFA34E26E1A86700344131 /* UserTipView.swift in Sources */ = {isa = PBXBuildFile; fileRef = 4EAFA34D26E1A86700344131 /* UserTipView.swift */; };
		4EAFA35526E241A400344131 /* StoreKit.framework in Frameworks */ = {isa = PBXBuildFile; fileRef = 4EAFA35426E241A400344131 /* StoreKit.framework */; };
		4EAFA35826EABD1A00344131 /* SharedConstants.swift in Sources */ = {isa = PBXBuildFile; fileRef = 4EAFA35726EABD1A00344131 /* SharedConstants.swift */; };
		4EAFA35926EABD7500344131 /* SharedConstants.swift in Sources */ = {isa = PBXBuildFile; fileRef = 4EAFA35726EABD1A00344131 /* SharedConstants.swift */; };
		4EAFA35B26EADBDE00344131 /* ToolbarRow.swift in Sources */ = {isa = PBXBuildFile; fileRef = 4EAFA35A26EADBDE00344131 /* ToolbarRow.swift */; };
		4EAFA35C26EADC6A00344131 /* ToolbarRow.swift in Sources */ = {isa = PBXBuildFile; fileRef = 4EAFA35A26EADBDE00344131 /* ToolbarRow.swift */; };
		4ED8A73326A11C29001015B2 /* Constants.swift in Sources */ = {isa = PBXBuildFile; fileRef = 4ED8A73226A11C29001015B2 /* Constants.swift */; };
/* End PBXBuildFile section */

/* Begin PBXContainerItemProxy section */
		4E84B18C2140E9980078AC4B /* PBXContainerItemProxy */ = {
			isa = PBXContainerItemProxy;
			containerPortal = 4E84B14A2140E92F0078AC4B /* Project object */;
			proxyType = 1;
			remoteGlobalIDString = 4E84B1862140E9980078AC4B;
			remoteInfo = "IPA Keyboard Extension";
		};
/* End PBXContainerItemProxy section */

/* Begin PBXCopyFilesBuildPhase section */
		4E84B1922140E9980078AC4B /* Embed App Extensions */ = {
			isa = PBXCopyFilesBuildPhase;
			buildActionMask = 2147483647;
			dstPath = "";
			dstSubfolderSpec = 13;
			files = (
				4E84B18E2140E9980078AC4B /* IPA Keyboard Extension.appex in Embed App Extensions */,
			);
			name = "Embed App Extensions";
			runOnlyForDeploymentPostprocessing = 0;
		};
/* End PBXCopyFilesBuildPhase section */

/* Begin PBXFileReference section */
		4E0B7423269BD5380066345B /* InstructionsListItem.swift */ = {isa = PBXFileReference; lastKnownFileType = sourcecode.swift; path = InstructionsListItem.swift; sourceTree = "<group>"; };
		4E0B7426269C21840066345B /* GettingStartedPage.swift */ = {isa = PBXFileReference; lastKnownFileType = sourcecode.swift; path = GettingStartedPage.swift; sourceTree = "<group>"; };
		4E0B7428269C22390066345B /* SettingsPage.swift */ = {isa = PBXFileReference; lastKnownFileType = sourcecode.swift; path = SettingsPage.swift; sourceTree = "<group>"; };
		4E0B742A269C2A4A0066345B /* SupportUsPage.swift */ = {isa = PBXFileReference; lastKnownFileType = sourcecode.swift; path = SupportUsPage.swift; sourceTree = "<group>"; };
		4E14C37F261E8624001AE827 /* IPAKeyboardApp.swift */ = {isa = PBXFileReference; lastKnownFileType = sourcecode.swift; path = IPAKeyboardApp.swift; sourceTree = "<group>"; };
		4E14C383261E864C001AE827 /* MainTabView.swift */ = {isa = PBXFileReference; lastKnownFileType = sourcecode.swift; path = MainTabView.swift; sourceTree = "<group>"; };
		4E14C3B4261E8E19001AE827 /* en */ = {isa = PBXFileReference; lastKnownFileType = text.plist.strings; name = en; path = en.lproj/Localizable.strings; sourceTree = "<group>"; };
		4E14C3BC261EAD6F001AE827 /* BlueButtonStyle.swift */ = {isa = PBXFileReference; lastKnownFileType = sourcecode.swift; path = BlueButtonStyle.swift; sourceTree = "<group>"; };
		4E19A47526ED4F80008F3341 /* KeyboardSectionIdentifiable.swift */ = {isa = PBXFileReference; lastKnownFileType = sourcecode.swift; path = KeyboardSectionIdentifiable.swift; sourceTree = "<group>"; };
		4E19A47826EE8B6B008F3341 /* HoldRepeatButton.swift */ = {isa = PBXFileReference; lastKnownFileType = sourcecode.swift; path = HoldRepeatButton.swift; sourceTree = "<group>"; };
		4E3F5658269C45E4002B91A6 /* SettingsCustomKeyboardPage.swift */ = {isa = PBXFileReference; lastKnownFileType = sourcecode.swift; path = SettingsCustomKeyboardPage.swift; sourceTree = "<group>"; };
		4E4030E9269C584C0081E3FD /* UIApplicationFunctions.swift */ = {isa = PBXFileReference; lastKnownFileType = sourcecode.swift; path = UIApplicationFunctions.swift; sourceTree = "<group>"; };
		4E4030EC269D0B880081E3FD /* zh-Hant */ = {isa = PBXFileReference; lastKnownFileType = text.plist.strings; name = "zh-Hant"; path = "zh-Hant.lproj/Localizable.strings"; sourceTree = "<group>"; };
		4E4030ED269D0B8A0081E3FD /* ja */ = {isa = PBXFileReference; lastKnownFileType = text.plist.strings; name = ja; path = ja.lproj/Localizable.strings; sourceTree = "<group>"; };
		4E4030EE269D0B8B0081E3FD /* eo */ = {isa = PBXFileReference; lastKnownFileType = text.plist.strings; name = eo; path = eo.lproj/Localizable.strings; sourceTree = "<group>"; };
		4E4030EF269D456D0081E3FD /* SupportUsPageButtons.swift */ = {isa = PBXFileReference; lastKnownFileType = sourcecode.swift; path = SupportUsPageButtons.swift; sourceTree = "<group>"; };
		4E4030F3269FE0520081E3FD /* View+makeStackNavigationPage.swift */ = {isa = PBXFileReference; lastKnownFileType = sourcecode.swift; path = "View+makeStackNavigationPage.swift"; sourceTree = "<group>"; };
		4E4C51692462C28200B9AC43 /* README.md */ = {isa = PBXFileReference; lastKnownFileType = net.daringfireball.markdown; path = README.md; sourceTree = "<group>"; };
		4E4C516A2462D5DC00B9AC43 /* LargeDisplayKeyArrangement.swift */ = {isa = PBXFileReference; lastKnownFileType = sourcecode.swift; path = LargeDisplayKeyArrangement.swift; sourceTree = "<group>"; };
		4E5D16BE22B393DF00F40B13 /* zh-Hant */ = {isa = PBXFileReference; lastKnownFileType = text.plist.strings; name = "zh-Hant"; path = "zh-Hant.lproj/InfoPlist.strings"; sourceTree = "<group>"; };
		4E5D16BF22B393DF00F40B13 /* zh-Hant */ = {isa = PBXFileReference; lastKnownFileType = text.plist.strings; name = "zh-Hant"; path = "../zh-Hant.lproj/Localizable.strings"; sourceTree = "<group>"; };
		4E5D16C022B393DF00F40B13 /* zh-Hant */ = {isa = PBXFileReference; lastKnownFileType = text.plist.strings; name = "zh-Hant"; path = "zh-Hant.lproj/InfoPlist.strings"; sourceTree = "<group>"; };
		4E5D174C26EAE8B8003B5C5B /* UIInputViewController+.swift */ = {isa = PBXFileReference; lastKnownFileType = sourcecode.swift; path = "UIInputViewController+.swift"; sourceTree = "<group>"; };
		4E5D175126EAE916003B5C5B /* ToolbarButtonStyles.swift */ = {isa = PBXFileReference; lastKnownFileType = sourcecode.swift; path = ToolbarButtonStyles.swift; sourceTree = "<group>"; };
		4E5D175726EAEB39003B5C5B /* RepeatTimer.swift */ = {isa = PBXFileReference; lastKnownFileType = sourcecode.swift; path = RepeatTimer.swift; sourceTree = "<group>"; };
		4E5D175A26EAED83003B5C5B /* SystemSounds.swift */ = {isa = PBXFileReference; lastKnownFileType = sourcecode.swift; path = SystemSounds.swift; sourceTree = "<group>"; };
		4E5D175D26EAF00E003B5C5B /* BottomRow.swift */ = {isa = PBXFileReference; lastKnownFileType = sourcecode.swift; path = BottomRow.swift; sourceTree = "<group>"; };
		4E6755F222EA062800DA88BB /* MasterKeyboardViewController.swift */ = {isa = PBXFileReference; lastKnownFileType = sourcecode.swift; path = MasterKeyboardViewController.swift; sourceTree = "<group>"; };
		4E6755F822EA0F0E00DA88BB /* GlobalSymbols.swift */ = {isa = PBXFileReference; lastKnownFileType = sourcecode.swift; path = GlobalSymbols.swift; sourceTree = "<group>"; };
		4E84B1522140E92F0078AC4B /* IPA Keyboard.app */ = {isa = PBXFileReference; explicitFileType = wrapper.application; includeInIndex = 0; path = "IPA Keyboard.app"; sourceTree = BUILT_PRODUCTS_DIR; };
		4E84B15C2140E9330078AC4B /* Assets.xcassets */ = {isa = PBXFileReference; lastKnownFileType = folder.assetcatalog; path = Assets.xcassets; sourceTree = "<group>"; };
		4E84B1612140E9330078AC4B /* Info.plist */ = {isa = PBXFileReference; lastKnownFileType = text.plist.xml; path = Info.plist; sourceTree = "<group>"; };
		4E84B16A2140E9340078AC4B /* IPA_KeyboardTests.swift */ = {isa = PBXFileReference; lastKnownFileType = sourcecode.swift; path = IPA_KeyboardTests.swift; sourceTree = "<group>"; };
		4E84B16C2140E9340078AC4B /* Info.plist */ = {isa = PBXFileReference; lastKnownFileType = text.plist.xml; path = Info.plist; sourceTree = "<group>"; };
		4E84B1752140E9340078AC4B /* IPA_KeyboardUITests.swift */ = {isa = PBXFileReference; lastKnownFileType = sourcecode.swift; path = IPA_KeyboardUITests.swift; sourceTree = "<group>"; };
		4E84B1772140E9340078AC4B /* Info.plist */ = {isa = PBXFileReference; lastKnownFileType = text.plist.xml; path = Info.plist; sourceTree = "<group>"; };
		4E84B1872140E9980078AC4B /* IPA Keyboard Extension.appex */ = {isa = PBXFileReference; explicitFileType = "wrapper.app-extension"; includeInIndex = 0; path = "IPA Keyboard Extension.appex"; sourceTree = BUILT_PRODUCTS_DIR; };
		4E84B1892140E9980078AC4B /* KeyboardViewController.swift */ = {isa = PBXFileReference; lastKnownFileType = sourcecode.swift; path = KeyboardViewController.swift; sourceTree = "<group>"; };
		4E84B18B2140E9980078AC4B /* Info.plist */ = {isa = PBXFileReference; lastKnownFileType = text.plist.xml; path = Info.plist; sourceTree = "<group>"; };
		4E84B1952142624C0078AC4B /* IPASymbols.swift */ = {isa = PBXFileReference; lastKnownFileType = sourcecode.swift; path = IPASymbols.swift; sourceTree = "<group>"; };
		4E84B1A121452AF00078AC4B /* SectionHeader.swift */ = {isa = PBXFileReference; lastKnownFileType = sourcecode.swift; path = SectionHeader.swift; sourceTree = "<group>"; };
		4E84B1AD21456F660078AC4B /* Base */ = {isa = PBXFileReference; lastKnownFileType = text.plist.strings; name = Base; path = ../Base.lproj/Localizable.strings; sourceTree = "<group>"; };
		4E84B1AE21456F680078AC4B /* en */ = {isa = PBXFileReference; lastKnownFileType = text.plist.strings; name = en; path = ../en.lproj/Localizable.strings; sourceTree = "<group>"; };
		4E84B1B121456F940078AC4B /* zh-Hans */ = {isa = PBXFileReference; lastKnownFileType = text.plist.strings; name = "zh-Hans"; path = "../zh-Hans.lproj/Localizable.strings"; sourceTree = "<group>"; };
		4E84B1B421456FB40078AC4B /* ja */ = {isa = PBXFileReference; lastKnownFileType = text.plist.strings; name = ja; path = ../ja.lproj/Localizable.strings; sourceTree = "<group>"; };
		4E84B1B721456FC40078AC4B /* eo */ = {isa = PBXFileReference; lastKnownFileType = text.plist.strings; name = eo; path = ../eo.lproj/Localizable.strings; sourceTree = "<group>"; };
		4E84B1B8214745CE0078AC4B /* KeyButtonCell.swift */ = {isa = PBXFileReference; lastKnownFileType = sourcecode.swift; path = KeyButtonCell.swift; sourceTree = "<group>"; };
		4EAA9213217F831A0015DBFE /* en */ = {isa = PBXFileReference; lastKnownFileType = text.plist.strings; name = en; path = en.lproj/InfoPlist.strings; sourceTree = "<group>"; };
		4EAA9215217F831D0015DBFE /* zh-Hans */ = {isa = PBXFileReference; lastKnownFileType = text.plist.strings; name = "zh-Hans"; path = "zh-Hans.lproj/InfoPlist.strings"; sourceTree = "<group>"; };
		4EAA9216217F831F0015DBFE /* ja */ = {isa = PBXFileReference; lastKnownFileType = text.plist.strings; name = ja; path = ja.lproj/InfoPlist.strings; sourceTree = "<group>"; };
		4EAA9217217F83220015DBFE /* eo */ = {isa = PBXFileReference; lastKnownFileType = text.plist.strings; name = eo; path = eo.lproj/InfoPlist.strings; sourceTree = "<group>"; };
		4EAC2B71214B5F54008CF477 /* en */ = {isa = PBXFileReference; lastKnownFileType = text.plist.strings; name = en; path = en.lproj/InfoPlist.strings; sourceTree = "<group>"; };
		4EAC2B73214B5F59008CF477 /* zh-Hans */ = {isa = PBXFileReference; lastKnownFileType = text.plist.strings; name = "zh-Hans"; path = "zh-Hans.lproj/InfoPlist.strings"; sourceTree = "<group>"; };
		4EAC2B74214B5F5A008CF477 /* ja */ = {isa = PBXFileReference; lastKnownFileType = text.plist.strings; name = ja; path = ja.lproj/InfoPlist.strings; sourceTree = "<group>"; };
		4EAC2B75214B5F5B008CF477 /* eo */ = {isa = PBXFileReference; lastKnownFileType = text.plist.strings; name = eo; path = eo.lproj/InfoPlist.strings; sourceTree = "<group>"; };
		4EAFA34D26E1A86700344131 /* UserTipView.swift */ = {isa = PBXFileReference; lastKnownFileType = sourcecode.swift; path = UserTipView.swift; sourceTree = "<group>"; };
		4EAFA35126E22CC700344131 /* zh-Hans */ = {isa = PBXFileReference; lastKnownFileType = text.plist.strings; name = "zh-Hans"; path = "zh-Hans.lproj/Localizable.strings"; sourceTree = "<group>"; };
		4EAFA35226E240B000344131 /* IPA Keyboard.entitlements */ = {isa = PBXFileReference; lastKnownFileType = text.plist.entitlements; path = "IPA Keyboard.entitlements"; sourceTree = "<group>"; };
		4EAFA35426E241A400344131 /* StoreKit.framework */ = {isa = PBXFileReference; lastKnownFileType = wrapper.framework; name = StoreKit.framework; path = System/Library/Frameworks/StoreKit.framework; sourceTree = SDKROOT; };
		4EAFA35626E5B75E00344131 /* IPA Keyboard Extension.entitlements */ = {isa = PBXFileReference; lastKnownFileType = text.plist.entitlements; path = "IPA Keyboard Extension.entitlements"; sourceTree = "<group>"; };
		4EAFA35726EABD1A00344131 /* SharedConstants.swift */ = {isa = PBXFileReference; lastKnownFileType = sourcecode.swift; path = SharedConstants.swift; sourceTree = "<group>"; };
		4EAFA35A26EADBDE00344131 /* ToolbarRow.swift */ = {isa = PBXFileReference; lastKnownFileType = sourcecode.swift; path = ToolbarRow.swift; sourceTree = "<group>"; };
		4ED8A73226A11C29001015B2 /* Constants.swift */ = {isa = PBXFileReference; lastKnownFileType = sourcecode.swift; path = Constants.swift; sourceTree = "<group>"; };
/* End PBXFileReference section */

/* Begin PBXFrameworksBuildPhase section */
		4E84B14F2140E92F0078AC4B /* Frameworks */ = {
			isa = PBXFrameworksBuildPhase;
			buildActionMask = 2147483647;
			files = (
				4EAFA35526E241A400344131 /* StoreKit.framework in Frameworks */,
			);
			runOnlyForDeploymentPostprocessing = 0;
		};
		4E84B1842140E9980078AC4B /* Frameworks */ = {
			isa = PBXFrameworksBuildPhase;
			buildActionMask = 2147483647;
			files = (
			);
			runOnlyForDeploymentPostprocessing = 0;
		};
/* End PBXFrameworksBuildPhase section */

/* Begin PBXGroup section */
		4E0B7422269BD5210066345B /* View Elements */ = {
			isa = PBXGroup;
			children = (
				4E14C3BC261EAD6F001AE827 /* BlueButtonStyle.swift */,
				4E0B7423269BD5380066345B /* InstructionsListItem.swift */,
				4EAFA34D26E1A86700344131 /* UserTipView.swift */,
				4E4030EF269D456D0081E3FD /* SupportUsPageButtons.swift */,
			);
			path = "View Elements";
			sourceTree = "<group>";
		};
		4E0B7425269C215F0066345B /* Pages */ = {
			isa = PBXGroup;
			children = (
				4E4030F3269FE0520081E3FD /* View+makeStackNavigationPage.swift */,
				4E0B7426269C21840066345B /* GettingStartedPage.swift */,
				4E0B742A269C2A4A0066345B /* SupportUsPage.swift */,
				4E0B7428269C22390066345B /* SettingsPage.swift */,
				4E3F5658269C45E4002B91A6 /* SettingsCustomKeyboardPage.swift */,
			);
			path = Pages;
			sourceTree = "<group>";
		};
		4E5D174F26EAE8DF003B5C5B /* old code */ = {
			isa = PBXGroup;
			children = (
				4E84B1B8214745CE0078AC4B /* KeyButtonCell.swift */,
				4E84B1A121452AF00078AC4B /* SectionHeader.swift */,
			);
			path = "old code";
			sourceTree = "<group>";
		};
		4E5D175026EAE8FC003B5C5B /* View Elements */ = {
			isa = PBXGroup;
			children = (
				4E5D174C26EAE8B8003B5C5B /* UIInputViewController+.swift */,
				4EAFA35A26EADBDE00344131 /* ToolbarRow.swift */,
				4E5D175126EAE916003B5C5B /* ToolbarButtonStyles.swift */,
				4E5D175D26EAF00E003B5C5B /* BottomRow.swift */,
				4E19A47826EE8B6B008F3341 /* HoldRepeatButton.swift */,
				4E5D175726EAEB39003B5C5B /* RepeatTimer.swift */,
			);
			path = "View Elements";
			sourceTree = "<group>";
		};
		4E6755F122EA060700DA88BB /* IPA Keyboard Shared */ = {
			isa = PBXGroup;
			children = (
				4E6755F222EA062800DA88BB /* MasterKeyboardViewController.swift */,
				4E5D175A26EAED83003B5C5B /* SystemSounds.swift */,
				4E19A47526ED4F80008F3341 /* KeyboardSectionIdentifiable.swift */,
				4E5D175026EAE8FC003B5C5B /* View Elements */,
				4E5D174F26EAE8DF003B5C5B /* old code */,
				4E6755F822EA0F0E00DA88BB /* GlobalSymbols.swift */,
				4EAFA35726EABD1A00344131 /* SharedConstants.swift */,
			);
			path = "IPA Keyboard Shared";
			sourceTree = "<group>";
		};
		4E84B1492140E92F0078AC4B = {
			isa = PBXGroup;
			children = (
				4E4C51692462C28200B9AC43 /* README.md */,
				4E6755F122EA060700DA88BB /* IPA Keyboard Shared */,
				4E84B1542140E92F0078AC4B /* IPA Keyboard */,
				4E84B1692140E9340078AC4B /* IPA KeyboardTests */,
				4E84B1742140E9340078AC4B /* IPA KeyboardUITests */,
				4E84B1882140E9980078AC4B /* IPA Keyboard Extension */,
				4E84B1532140E92F0078AC4B /* Products */,
				4EAFA35326E241A400344131 /* Frameworks */,
			);
			sourceTree = "<group>";
		};
		4E84B1532140E92F0078AC4B /* Products */ = {
			isa = PBXGroup;
			children = (
				4E84B1522140E92F0078AC4B /* IPA Keyboard.app */,
				4E84B1872140E9980078AC4B /* IPA Keyboard Extension.appex */,
			);
			name = Products;
			sourceTree = "<group>";
		};
		4E84B1542140E92F0078AC4B /* IPA Keyboard */ = {
			isa = PBXGroup;
			children = (
				4EAFA35226E240B000344131 /* IPA Keyboard.entitlements */,
				4EAC2B6D214B5F02008CF477 /* Localization */,
				4E14C37F261E8624001AE827 /* IPAKeyboardApp.swift */,
				4E14C383261E864C001AE827 /* MainTabView.swift */,
				4E4030E9269C584C0081E3FD /* UIApplicationFunctions.swift */,
				4ED8A73226A11C29001015B2 /* Constants.swift */,
				4E0B7425269C215F0066345B /* Pages */,
				4E0B7422269BD5210066345B /* View Elements */,
				4E84B15C2140E9330078AC4B /* Assets.xcassets */,
				4E84B1612140E9330078AC4B /* Info.plist */,
			);
			path = "IPA Keyboard";
			sourceTree = "<group>";
		};
		4E84B1692140E9340078AC4B /* IPA KeyboardTests */ = {
			isa = PBXGroup;
			children = (
				4E84B16A2140E9340078AC4B /* IPA_KeyboardTests.swift */,
				4E84B16C2140E9340078AC4B /* Info.plist */,
			);
			path = "IPA KeyboardTests";
			sourceTree = "<group>";
		};
		4E84B1742140E9340078AC4B /* IPA KeyboardUITests */ = {
			isa = PBXGroup;
			children = (
				4E84B1752140E9340078AC4B /* IPA_KeyboardUITests.swift */,
				4E84B1772140E9340078AC4B /* Info.plist */,
			);
			path = "IPA KeyboardUITests";
			sourceTree = "<group>";
		};
		4E84B1882140E9980078AC4B /* IPA Keyboard Extension */ = {
			isa = PBXGroup;
			children = (
				4EAFA35626E5B75E00344131 /* IPA Keyboard Extension.entitlements */,
				4E84B1A721456EA50078AC4B /* Localization */,
				4E84B1892140E9980078AC4B /* KeyboardViewController.swift */,
				4E84B1952142624C0078AC4B /* IPASymbols.swift */,
				4E4C516A2462D5DC00B9AC43 /* LargeDisplayKeyArrangement.swift */,
				4E84B18B2140E9980078AC4B /* Info.plist */,
			);
			path = "IPA Keyboard Extension";
			sourceTree = "<group>";
		};
		4E84B1A721456EA50078AC4B /* Localization */ = {
			isa = PBXGroup;
			children = (
				4E84B1A921456EEB0078AC4B /* Localizable.strings */,
				4EAA9214217F831A0015DBFE /* InfoPlist.strings */,
			);
			path = Localization;
			sourceTree = "<group>";
		};
		4EAC2B6D214B5F02008CF477 /* Localization */ = {
			isa = PBXGroup;
			children = (
				4EAC2B72214B5F54008CF477 /* InfoPlist.strings */,
				4E14C3B1261E8E16001AE827 /* Localizable.strings */,
			);
			path = Localization;
			sourceTree = "<group>";
		};
		4EAFA35326E241A400344131 /* Frameworks */ = {
			isa = PBXGroup;
			children = (
				4EAFA35426E241A400344131 /* StoreKit.framework */,
			);
			name = Frameworks;
			sourceTree = "<group>";
		};
/* End PBXGroup section */

/* Begin PBXNativeTarget section */
		4E84B1512140E92F0078AC4B /* IPA Keyboard */ = {
			isa = PBXNativeTarget;
			buildConfigurationList = 4E84B17A2140E9340078AC4B /* Build configuration list for PBXNativeTarget "IPA Keyboard" */;
			buildPhases = (
				4E84B14E2140E92F0078AC4B /* Sources */,
				4E84B14F2140E92F0078AC4B /* Frameworks */,
				4E84B1502140E92F0078AC4B /* Resources */,
				4E84B1922140E9980078AC4B /* Embed App Extensions */,
			);
			buildRules = (
			);
			dependencies = (
				4E84B18D2140E9980078AC4B /* PBXTargetDependency */,
			);
			name = "IPA Keyboard";
			productName = "IPA Keyboard";
			productReference = 4E84B1522140E92F0078AC4B /* IPA Keyboard.app */;
			productType = "com.apple.product-type.application";
		};
		4E84B1862140E9980078AC4B /* IPA Keyboard Extension */ = {
			isa = PBXNativeTarget;
			buildConfigurationList = 4E84B18F2140E9980078AC4B /* Build configuration list for PBXNativeTarget "IPA Keyboard Extension" */;
			buildPhases = (
				4E84B1832140E9980078AC4B /* Sources */,
				4E84B1842140E9980078AC4B /* Frameworks */,
				4E84B1852140E9980078AC4B /* Resources */,
			);
			buildRules = (
			);
			dependencies = (
			);
			name = "IPA Keyboard Extension";
			productName = "IPA Keyboard Extension";
			productReference = 4E84B1872140E9980078AC4B /* IPA Keyboard Extension.appex */;
			productType = "com.apple.product-type.app-extension";
		};
/* End PBXNativeTarget section */

/* Begin PBXProject section */
		4E84B14A2140E92F0078AC4B /* Project object */ = {
			isa = PBXProject;
			attributes = {
				LastSwiftUpdateCheck = 1030;
				LastUpgradeCheck = 1240;
				ORGANIZATIONNAME = Vince14Genius;
				TargetAttributes = {
					4E84B1512140E92F0078AC4B = {
						CreatedOnToolsVersion = 9.4;
						LastSwiftMigration = 1020;
					};
					4E84B1862140E9980078AC4B = {
						CreatedOnToolsVersion = 9.4;
						LastSwiftMigration = 1020;
					};
				};
			};
			buildConfigurationList = 4E84B14D2140E92F0078AC4B /* Build configuration list for PBXProject "IPA Keyboard" */;
			compatibilityVersion = "Xcode 11.0";
			developmentRegion = en;
			hasScannedForEncodings = 0;
			knownRegions = (
				en,
				Base,
				"zh-Hans",
				ja,
				eo,
				global,
				"zh-Hant",
			);
			mainGroup = 4E84B1492140E92F0078AC4B;
			productRefGroup = 4E84B1532140E92F0078AC4B /* Products */;
			projectDirPath = "";
			projectRoot = "";
			targets = (
				4E84B1512140E92F0078AC4B /* IPA Keyboard */,
				4E84B1862140E9980078AC4B /* IPA Keyboard Extension */,
			);
		};
/* End PBXProject section */

/* Begin PBXResourcesBuildPhase section */
		4E84B1502140E92F0078AC4B /* Resources */ = {
			isa = PBXResourcesBuildPhase;
			buildActionMask = 2147483647;
			files = (
				4E14C3AF261E8E16001AE827 /* Localizable.strings in Resources */,
				4EAC2B70214B5F54008CF477 /* InfoPlist.strings in Resources */,
				4E84B15D2140E9330078AC4B /* Assets.xcassets in Resources */,
			);
			runOnlyForDeploymentPostprocessing = 0;
		};
		4E84B1852140E9980078AC4B /* Resources */ = {
			isa = PBXResourcesBuildPhase;
			buildActionMask = 2147483647;
			files = (
				4E84B1AB21456EEB0078AC4B /* Localizable.strings in Resources */,
				4EAA9212217F831A0015DBFE /* InfoPlist.strings in Resources */,
			);
			runOnlyForDeploymentPostprocessing = 0;
		};
/* End PBXResourcesBuildPhase section */

/* Begin PBXSourcesBuildPhase section */
		4E84B14E2140E92F0078AC4B /* Sources */ = {
			isa = PBXSourcesBuildPhase;
			buildActionMask = 2147483647;
			files = (
				4EAFA35826EABD1A00344131 /* SharedConstants.swift in Sources */,
				4E5D175826EAEB39003B5C5B /* RepeatTimer.swift in Sources */,
				4E0B7429269C22390066345B /* SettingsPage.swift in Sources */,
				4E0B7427269C21840066345B /* GettingStartedPage.swift in Sources */,
				4E5D175226EAE916003B5C5B /* ToolbarButtonStyles.swift in Sources */,
				4E4030F0269D456D0081E3FD /* SupportUsPageButtons.swift in Sources */,
				4EAFA35C26EADC6A00344131 /* ToolbarRow.swift in Sources */,
				4E0B742B269C2A4A0066345B /* SupportUsPage.swift in Sources */,
				4E19A47626ED4F80008F3341 /* KeyboardSectionIdentifiable.swift in Sources */,
				4E4030EA269C584C0081E3FD /* UIApplicationFunctions.swift in Sources */,
				4E14C384261E864C001AE827 /* MainTabView.swift in Sources */,
				4E5D175E26EAF00E003B5C5B /* BottomRow.swift in Sources */,
				4E5D174B26EAE751003B5C5B /* GlobalSymbols.swift in Sources */,
				4EAFA34E26E1A86700344131 /* UserTipView.swift in Sources */,
				4E14C380261E8624001AE827 /* IPAKeyboardApp.swift in Sources */,
				4E14C3BD261EAD6F001AE827 /* BlueButtonStyle.swift in Sources */,
				4E5D175B26EAED83003B5C5B /* SystemSounds.swift in Sources */,
				4E19A47926EE8B6B008F3341 /* HoldRepeatButton.swift in Sources */,
				4E3F5659269C45E4002B91A6 /* SettingsCustomKeyboardPage.swift in Sources */,
				4E4030F4269FE0530081E3FD /* View+makeStackNavigationPage.swift in Sources */,
				4E5D174D26EAE8B8003B5C5B /* UIInputViewController+.swift in Sources */,
				4E0B7424269BD5380066345B /* InstructionsListItem.swift in Sources */,
				4ED8A73326A11C29001015B2 /* Constants.swift in Sources */,
			);
			runOnlyForDeploymentPostprocessing = 0;
		};
		4E84B1832140E9980078AC4B /* Sources */ = {
			isa = PBXSourcesBuildPhase;
			buildActionMask = 2147483647;
			files = (
				4E5D175326EAE916003B5C5B /* ToolbarButtonStyles.swift in Sources */,
				4E84B1962142624C0078AC4B /* IPASymbols.swift in Sources */,
				4E19A47A26EE8B6B008F3341 /* HoldRepeatButton.swift in Sources */,
				4E5D175926EAEB39003B5C5B /* RepeatTimer.swift in Sources */,
				4E5D175F26EAF00E003B5C5B /* BottomRow.swift in Sources */,
				4E6755F422EA062800DA88BB /* MasterKeyboardViewController.swift in Sources */,
				4E19A47726ED4F80008F3341 /* KeyboardSectionIdentifiable.swift in Sources */,
				4E84B18A2140E9980078AC4B /* KeyboardViewController.swift in Sources */,
				4E84B1A221452AF00078AC4B /* SectionHeader.swift in Sources */,
				4EAFA35926EABD7500344131 /* SharedConstants.swift in Sources */,
				4EAFA35B26EADBDE00344131 /* ToolbarRow.swift in Sources */,
				4E6755F922EA0F0E00DA88BB /* GlobalSymbols.swift in Sources */,
				4E5D174E26EAE8B8003B5C5B /* UIInputViewController+.swift in Sources */,
				4E5D175C26EAED83003B5C5B /* SystemSounds.swift in Sources */,
				4E4C516B2462D5DC00B9AC43 /* LargeDisplayKeyArrangement.swift in Sources */,
				4E84B1B9214745CE0078AC4B /* KeyButtonCell.swift in Sources */,
			);
			runOnlyForDeploymentPostprocessing = 0;
		};
/* End PBXSourcesBuildPhase section */

/* Begin PBXTargetDependency section */
		4E84B18D2140E9980078AC4B /* PBXTargetDependency */ = {
			isa = PBXTargetDependency;
			target = 4E84B1862140E9980078AC4B /* IPA Keyboard Extension */;
			targetProxy = 4E84B18C2140E9980078AC4B /* PBXContainerItemProxy */;
		};
/* End PBXTargetDependency section */

/* Begin PBXVariantGroup section */
		4E14C3B1261E8E16001AE827 /* Localizable.strings */ = {
			isa = PBXVariantGroup;
			children = (
				4E14C3B4261E8E19001AE827 /* en */,
				4E4030EC269D0B880081E3FD /* zh-Hant */,
				4E4030ED269D0B8A0081E3FD /* ja */,
				4E4030EE269D0B8B0081E3FD /* eo */,
				4EAFA35126E22CC700344131 /* zh-Hans */,
			);
			name = Localizable.strings;
			sourceTree = "<group>";
		};
		4E84B1A921456EEB0078AC4B /* Localizable.strings */ = {
			isa = PBXVariantGroup;
			children = (
				4E84B1AD21456F660078AC4B /* Base */,
				4E84B1AE21456F680078AC4B /* en */,
				4E84B1B121456F940078AC4B /* zh-Hans */,
				4E84B1B421456FB40078AC4B /* ja */,
				4E84B1B721456FC40078AC4B /* eo */,
				4E5D16BF22B393DF00F40B13 /* zh-Hant */,
			);
			name = Localizable.strings;
			sourceTree = "<group>";
		};
		4EAA9214217F831A0015DBFE /* InfoPlist.strings */ = {
			isa = PBXVariantGroup;
			children = (
				4EAA9213217F831A0015DBFE /* en */,
				4EAA9215217F831D0015DBFE /* zh-Hans */,
				4EAA9216217F831F0015DBFE /* ja */,
				4EAA9217217F83220015DBFE /* eo */,
				4E5D16C022B393DF00F40B13 /* zh-Hant */,
			);
			name = InfoPlist.strings;
			sourceTree = "<group>";
		};
		4EAC2B72214B5F54008CF477 /* InfoPlist.strings */ = {
			isa = PBXVariantGroup;
			children = (
				4EAC2B71214B5F54008CF477 /* en */,
				4EAC2B73214B5F59008CF477 /* zh-Hans */,
				4EAC2B74214B5F5A008CF477 /* ja */,
				4EAC2B75214B5F5B008CF477 /* eo */,
				4E5D16BE22B393DF00F40B13 /* zh-Hant */,
			);
			name = InfoPlist.strings;
			sourceTree = "<group>";
		};
/* End PBXVariantGroup section */

/* Begin XCBuildConfiguration section */
		4E84B1782140E9340078AC4B /* Debug */ = {
			isa = XCBuildConfiguration;
			buildSettings = {
				ALWAYS_SEARCH_USER_PATHS = NO;
				CLANG_ANALYZER_LOCALIZABILITY_NONLOCALIZED = YES;
				CLANG_ANALYZER_NONNULL = YES;
				CLANG_ANALYZER_NUMBER_OBJECT_CONVERSION = YES_AGGRESSIVE;
				CLANG_CXX_LANGUAGE_STANDARD = "gnu++14";
				CLANG_CXX_LIBRARY = "libc++";
				CLANG_ENABLE_MODULES = YES;
				CLANG_ENABLE_OBJC_ARC = YES;
				CLANG_ENABLE_OBJC_WEAK = YES;
				CLANG_WARN_BLOCK_CAPTURE_AUTORELEASING = YES;
				CLANG_WARN_BOOL_CONVERSION = YES;
				CLANG_WARN_COMMA = YES;
				CLANG_WARN_CONSTANT_CONVERSION = YES;
				CLANG_WARN_DEPRECATED_OBJC_IMPLEMENTATIONS = YES;
				CLANG_WARN_DIRECT_OBJC_ISA_USAGE = YES_ERROR;
				CLANG_WARN_DOCUMENTATION_COMMENTS = YES;
				CLANG_WARN_EMPTY_BODY = YES;
				CLANG_WARN_ENUM_CONVERSION = YES;
				CLANG_WARN_INFINITE_RECURSION = YES;
				CLANG_WARN_INT_CONVERSION = YES;
				CLANG_WARN_NON_LITERAL_NULL_CONVERSION = YES;
				CLANG_WARN_OBJC_IMPLICIT_RETAIN_SELF = YES;
				CLANG_WARN_OBJC_LITERAL_CONVERSION = YES;
				CLANG_WARN_OBJC_ROOT_CLASS = YES_ERROR;
				CLANG_WARN_QUOTED_INCLUDE_IN_FRAMEWORK_HEADER = YES;
				CLANG_WARN_RANGE_LOOP_ANALYSIS = YES;
				CLANG_WARN_STRICT_PROTOTYPES = YES;
				CLANG_WARN_SUSPICIOUS_MOVE = YES;
				CLANG_WARN_UNGUARDED_AVAILABILITY = YES_AGGRESSIVE;
				CLANG_WARN_UNREACHABLE_CODE = YES;
				CLANG_WARN__DUPLICATE_METHOD_MATCH = YES;
				CODE_SIGN_IDENTITY = "iPhone Developer";
				COPY_PHASE_STRIP = NO;
				DEBUG_INFORMATION_FORMAT = dwarf;
				ENABLE_STRICT_OBJC_MSGSEND = YES;
				ENABLE_TESTABILITY = YES;
				GCC_C_LANGUAGE_STANDARD = gnu11;
				GCC_DYNAMIC_NO_PIC = NO;
				GCC_NO_COMMON_BLOCKS = YES;
				GCC_OPTIMIZATION_LEVEL = 0;
				GCC_PREPROCESSOR_DEFINITIONS = (
					"DEBUG=1",
					"$(inherited)",
				);
				GCC_WARN_64_TO_32_BIT_CONVERSION = YES;
				GCC_WARN_ABOUT_RETURN_TYPE = YES_ERROR;
				GCC_WARN_UNDECLARED_SELECTOR = YES;
				GCC_WARN_UNINITIALIZED_AUTOS = YES_AGGRESSIVE;
				GCC_WARN_UNUSED_FUNCTION = YES;
				GCC_WARN_UNUSED_VARIABLE = YES;
				IPHONEOS_DEPLOYMENT_TARGET = 14.0;
				MTL_ENABLE_DEBUG_INFO = YES;
				ONLY_ACTIVE_ARCH = YES;
				SDKROOT = iphoneos;
				SWIFT_ACTIVE_COMPILATION_CONDITIONS = DEBUG;
				SWIFT_OPTIMIZATION_LEVEL = "-Onone";
			};
			name = Debug;
		};
		4E84B1792140E9340078AC4B /* Release */ = {
			isa = XCBuildConfiguration;
			buildSettings = {
				ALWAYS_SEARCH_USER_PATHS = NO;
				CLANG_ANALYZER_LOCALIZABILITY_NONLOCALIZED = YES;
				CLANG_ANALYZER_NONNULL = YES;
				CLANG_ANALYZER_NUMBER_OBJECT_CONVERSION = YES_AGGRESSIVE;
				CLANG_CXX_LANGUAGE_STANDARD = "gnu++14";
				CLANG_CXX_LIBRARY = "libc++";
				CLANG_ENABLE_MODULES = YES;
				CLANG_ENABLE_OBJC_ARC = YES;
				CLANG_ENABLE_OBJC_WEAK = YES;
				CLANG_WARN_BLOCK_CAPTURE_AUTORELEASING = YES;
				CLANG_WARN_BOOL_CONVERSION = YES;
				CLANG_WARN_COMMA = YES;
				CLANG_WARN_CONSTANT_CONVERSION = YES;
				CLANG_WARN_DEPRECATED_OBJC_IMPLEMENTATIONS = YES;
				CLANG_WARN_DIRECT_OBJC_ISA_USAGE = YES_ERROR;
				CLANG_WARN_DOCUMENTATION_COMMENTS = YES;
				CLANG_WARN_EMPTY_BODY = YES;
				CLANG_WARN_ENUM_CONVERSION = YES;
				CLANG_WARN_INFINITE_RECURSION = YES;
				CLANG_WARN_INT_CONVERSION = YES;
				CLANG_WARN_NON_LITERAL_NULL_CONVERSION = YES;
				CLANG_WARN_OBJC_IMPLICIT_RETAIN_SELF = YES;
				CLANG_WARN_OBJC_LITERAL_CONVERSION = YES;
				CLANG_WARN_OBJC_ROOT_CLASS = YES_ERROR;
				CLANG_WARN_QUOTED_INCLUDE_IN_FRAMEWORK_HEADER = YES;
				CLANG_WARN_RANGE_LOOP_ANALYSIS = YES;
				CLANG_WARN_STRICT_PROTOTYPES = YES;
				CLANG_WARN_SUSPICIOUS_MOVE = YES;
				CLANG_WARN_UNGUARDED_AVAILABILITY = YES_AGGRESSIVE;
				CLANG_WARN_UNREACHABLE_CODE = YES;
				CLANG_WARN__DUPLICATE_METHOD_MATCH = YES;
				CODE_SIGN_IDENTITY = "iPhone Developer";
				COPY_PHASE_STRIP = NO;
				DEBUG_INFORMATION_FORMAT = "dwarf-with-dsym";
				ENABLE_NS_ASSERTIONS = NO;
				ENABLE_STRICT_OBJC_MSGSEND = YES;
				GCC_C_LANGUAGE_STANDARD = gnu11;
				GCC_NO_COMMON_BLOCKS = YES;
				GCC_WARN_64_TO_32_BIT_CONVERSION = YES;
				GCC_WARN_ABOUT_RETURN_TYPE = YES_ERROR;
				GCC_WARN_UNDECLARED_SELECTOR = YES;
				GCC_WARN_UNINITIALIZED_AUTOS = YES_AGGRESSIVE;
				GCC_WARN_UNUSED_FUNCTION = YES;
				GCC_WARN_UNUSED_VARIABLE = YES;
				IPHONEOS_DEPLOYMENT_TARGET = 14.0;
				MTL_ENABLE_DEBUG_INFO = NO;
				SDKROOT = iphoneos;
				SWIFT_COMPILATION_MODE = wholemodule;
				SWIFT_OPTIMIZATION_LEVEL = "-O";
				VALIDATE_PRODUCT = YES;
			};
			name = Release;
		};
		4E84B17B2140E9340078AC4B /* Debug */ = {
			isa = XCBuildConfiguration;
			buildSettings = {
				ALWAYS_EMBED_SWIFT_STANDARD_LIBRARIES = YES;
				ASSETCATALOG_COMPILER_APPICON_NAME = AppIcon;
				CODE_SIGN_ENTITLEMENTS = "IPA Keyboard/IPA Keyboard.entitlements";
				CODE_SIGN_IDENTITY = "Apple Development";
				CODE_SIGN_STYLE = Automatic;
				CURRENT_PROJECT_VERSION = 1;
				DEVELOPMENT_TEAM = S5LH6VYMA5;
				INFOPLIST_FILE = "IPA Keyboard/Info.plist";
				IPHONEOS_DEPLOYMENT_TARGET = 14.1;
				LD_RUNPATH_SEARCH_PATHS = (
					"$(inherited)",
					"@executable_path/Frameworks",
				);
				MARKETING_VERSION = 1.0.2;
				PRODUCT_BUNDLE_IDENTIFIER = "com.Vince14Genius.IPA-Keyboard-iOS";
				PRODUCT_NAME = "$(TARGET_NAME)";
				PROVISIONING_PROFILE_SPECIFIER = "";
				SWIFT_VERSION = 5.0;
				TARGETED_DEVICE_FAMILY = "1,2";
			};
			name = Debug;
		};
		4E84B17C2140E9340078AC4B /* Release */ = {
			isa = XCBuildConfiguration;
			buildSettings = {
				ALWAYS_EMBED_SWIFT_STANDARD_LIBRARIES = YES;
				ASSETCATALOG_COMPILER_APPICON_NAME = AppIcon;
				CODE_SIGN_ENTITLEMENTS = "IPA Keyboard/IPA Keyboard.entitlements";
				CODE_SIGN_IDENTITY = "Apple Development";
				CODE_SIGN_STYLE = Automatic;
				CURRENT_PROJECT_VERSION = 1;
				DEVELOPMENT_TEAM = S5LH6VYMA5;
				INFOPLIST_FILE = "IPA Keyboard/Info.plist";
				IPHONEOS_DEPLOYMENT_TARGET = 14.1;
				LD_RUNPATH_SEARCH_PATHS = (
					"$(inherited)",
					"@executable_path/Frameworks",
				);
				MARKETING_VERSION = 1.0.2;
				PRODUCT_BUNDLE_IDENTIFIER = "com.Vince14Genius.IPA-Keyboard-iOS";
				PRODUCT_NAME = "$(TARGET_NAME)";
				PROVISIONING_PROFILE_SPECIFIER = "";
				SWIFT_VERSION = 5.0;
				TARGETED_DEVICE_FAMILY = "1,2";
			};
			name = Release;
		};
		4E84B1902140E9980078AC4B /* Debug */ = {
			isa = XCBuildConfiguration;
			buildSettings = {
				CODE_SIGN_ENTITLEMENTS = "IPA Keyboard Extension/IPA Keyboard Extension.entitlements";
				CODE_SIGN_STYLE = Automatic;
				CURRENT_PROJECT_VERSION = 1;
				DEVELOPMENT_TEAM = S5LH6VYMA5;
				INFOPLIST_FILE = "IPA Keyboard Extension/Info.plist";
				IPHONEOS_DEPLOYMENT_TARGET = 14.1;
				LD_RUNPATH_SEARCH_PATHS = (
					"$(inherited)",
					"@executable_path/Frameworks",
					"@executable_path/../../Frameworks",
				);
				MARKETING_VERSION = 1.0.2;
				PRODUCT_BUNDLE_IDENTIFIER = "com.Vince14Genius.IPA-Keyboard-iOS.IPA-Keyboard-Extension";
				PRODUCT_NAME = "$(TARGET_NAME)";
				SKIP_INSTALL = YES;
				SWIFT_VERSION = 5.0;
				TARGETED_DEVICE_FAMILY = "1,2";
			};
			name = Debug;
		};
		4E84B1912140E9980078AC4B /* Release */ = {
			isa = XCBuildConfiguration;
			buildSettings = {
				CODE_SIGN_ENTITLEMENTS = "IPA Keyboard Extension/IPA Keyboard Extension.entitlements";
				CODE_SIGN_STYLE = Automatic;
				CURRENT_PROJECT_VERSION = 1;
				DEVELOPMENT_TEAM = S5LH6VYMA5;
				INFOPLIST_FILE = "IPA Keyboard Extension/Info.plist";
				IPHONEOS_DEPLOYMENT_TARGET = 14.1;
				LD_RUNPATH_SEARCH_PATHS = (
					"$(inherited)",
					"@executable_path/Frameworks",
					"@executable_path/../../Frameworks",
				);
				MARKETING_VERSION = 1.0.2;
				PRODUCT_BUNDLE_IDENTIFIER = "com.Vince14Genius.IPA-Keyboard-iOS.IPA-Keyboard-Extension";
				PRODUCT_NAME = "$(TARGET_NAME)";
				SKIP_INSTALL = YES;
				SWIFT_VERSION = 5.0;
				TARGETED_DEVICE_FAMILY = "1,2";
			};
			name = Release;
		};
/* End XCBuildConfiguration section */

/* Begin XCConfigurationList section */
		4E84B14D2140E92F0078AC4B /* Build configuration list for PBXProject "IPA Keyboard" */ = {
			isa = XCConfigurationList;
			buildConfigurations = (
				4E84B1782140E9340078AC4B /* Debug */,
				4E84B1792140E9340078AC4B /* Release */,
			);
			defaultConfigurationIsVisible = 0;
			defaultConfigurationName = Release;
		};
		4E84B17A2140E9340078AC4B /* Build configuration list for PBXNativeTarget "IPA Keyboard" */ = {
			isa = XCConfigurationList;
			buildConfigurations = (
				4E84B17B2140E9340078AC4B /* Debug */,
				4E84B17C2140E9340078AC4B /* Release */,
			);
			defaultConfigurationIsVisible = 0;
			defaultConfigurationName = Release;
		};
		4E84B18F2140E9980078AC4B /* Build configuration list for PBXNativeTarget "IPA Keyboard Extension" */ = {
			isa = XCConfigurationList;
			buildConfigurations = (
				4E84B1902140E9980078AC4B /* Debug */,
				4E84B1912140E9980078AC4B /* Release */,
			);
			defaultConfigurationIsVisible = 0;
			defaultConfigurationName = Release;
		};
/* End XCConfigurationList section */
	};
	rootObject = 4E84B14A2140E92F0078AC4B /* Project object */;
}
