// !$*UTF8*$!
{
	archiveVersion = 1;
	classes = {
	};
	objectVersion = 53;
	objects = {

/* Begin PBXBuildFile section */
		4E0A9E1D283D789600378987 /* Layout.swift in Sources */ = {isa = PBXBuildFile; fileRef = 4E0A9E1C283D789600378987 /* Layout.swift */; };
		4E0A9E1E283D789600378987 /* Layout.swift in Sources */ = {isa = PBXBuildFile; fileRef = 4E0A9E1C283D789600378987 /* Layout.swift */; };
		4E0A9E1F283D82CA00378987 /* KeyboardLayout.swift in Sources */ = {isa = PBXBuildFile; fileRef = 4EA664B526EFFF0B001588E9 /* KeyboardLayout.swift */; };
		4E0A9E22283D8DA200378987 /* IPAKeyboardViewControllerTemplate+UICollectionViewDataSource.swift in Sources */ = {isa = PBXBuildFile; fileRef = 4E0A9E21283D8DA200378987 /* IPAKeyboardViewControllerTemplate+UICollectionViewDataSource.swift */; };
		4E0A9E24283D8E9900378987 /* CollectionViewConstants.swift in Sources */ = {isa = PBXBuildFile; fileRef = 4E0A9E23283D8E9900378987 /* CollectionViewConstants.swift */; };
		4E0A9E26283D93AE00378987 /* KeyboardLayout+.swift in Sources */ = {isa = PBXBuildFile; fileRef = 4E0A9E25283D93AE00378987 /* KeyboardLayout+.swift */; };
		4E0A9E29283D9C9F00378987 /* KeyButtonActions.swift in Sources */ = {isa = PBXBuildFile; fileRef = 4E0A9E27283D9C8300378987 /* KeyButtonActions.swift */; };
		4E0B7424269BD5380066345B /* InstructionsListItem.swift in Sources */ = {isa = PBXBuildFile; fileRef = 4E0B7423269BD5380066345B /* InstructionsListItem.swift */; };
		4E0B7427269C21840066345B /* GettingStartedPage.swift in Sources */ = {isa = PBXBuildFile; fileRef = 4E0B7426269C21840066345B /* GettingStartedPage.swift */; };
		4E0B7429269C22390066345B /* SettingsPage.swift in Sources */ = {isa = PBXBuildFile; fileRef = 4E0B7428269C22390066345B /* SettingsPage.swift */; };
		4E0B742B269C2A4A0066345B /* SupportUsPage.swift in Sources */ = {isa = PBXBuildFile; fileRef = 4E0B742A269C2A4A0066345B /* SupportUsPage.swift */; };
		4E14C380261E8624001AE827 /* IPAKeyboardApp.swift in Sources */ = {isa = PBXBuildFile; fileRef = 4E14C37F261E8624001AE827 /* IPAKeyboardApp.swift */; };
		4E14C384261E864C001AE827 /* MainTabView.swift in Sources */ = {isa = PBXBuildFile; fileRef = 4E14C383261E864C001AE827 /* MainTabView.swift */; };
		4E14C3AF261E8E16001AE827 /* Localizable.strings in Resources */ = {isa = PBXBuildFile; fileRef = 4E14C3B1261E8E16001AE827 /* Localizable.strings */; };
		4E14C3BD261EAD6F001AE827 /* BlueButtonStyle.swift in Sources */ = {isa = PBXBuildFile; fileRef = 4E14C3BC261EAD6F001AE827 /* BlueButtonStyle.swift */; };
		4E19A47A26EE8B6B008F3341 /* HoldRepeatButton.swift in Sources */ = {isa = PBXBuildFile; fileRef = 4E19A47826EE8B6B008F3341 /* HoldRepeatButton.swift */; };
		4E2148C429F220EC0037328C /* FAQPage.swift in Sources */ = {isa = PBXBuildFile; fileRef = 4E2148C329F220EC0037328C /* FAQPage.swift */; };
		4E34246A28448E7400DABC81 /* Operators.swift in Sources */ = {isa = PBXBuildFile; fileRef = 4E34246928448E7400DABC81 /* Operators.swift */; };
		4E34246B28448F5100DABC81 /* Operators.swift in Sources */ = {isa = PBXBuildFile; fileRef = 4E34246928448E7400DABC81 /* Operators.swift */; };
		4E34B55826F3F62E00323D23 /* KeyButtonView.swift in Sources */ = {isa = PBXBuildFile; fileRef = 4E48DABF26F3CB9B00F88CD9 /* KeyButtonView.swift */; };
		4E34B55926F3F63600323D23 /* ExpandedKeyBezierPath.swift in Sources */ = {isa = PBXBuildFile; fileRef = 4E48DAC126F3D2CC00F88CD9 /* ExpandedKeyBezierPath.swift */; };
		4E34B55C26F3F64600323D23 /* VisualEffectView.swift in Sources */ = {isa = PBXBuildFile; fileRef = 4E48DAC626F3ED6900F88CD9 /* VisualEffectView.swift */; };
		4E34B55F26F3FB7B00323D23 /* KeyButtonView.swift in Sources */ = {isa = PBXBuildFile; fileRef = 4E48DABF26F3CB9B00F88CD9 /* KeyButtonView.swift */; };
		4E34B56026F3FB8B00323D23 /* BottomRow.swift in Sources */ = {isa = PBXBuildFile; fileRef = 4E5D175D26EAF00E003B5C5B /* BottomRow.swift */; };
		4E34B56126F3FB8B00323D23 /* ToolbarButtonStyles.swift in Sources */ = {isa = PBXBuildFile; fileRef = 4E5D175126EAE916003B5C5B /* ToolbarButtonStyles.swift */; };
		4E34B56226F3FB8B00323D23 /* RepeatTimer.swift in Sources */ = {isa = PBXBuildFile; fileRef = 4E5D175726EAEB39003B5C5B /* RepeatTimer.swift */; };
		4E34B56426F3FB8B00323D23 /* HoldRepeatButton.swift in Sources */ = {isa = PBXBuildFile; fileRef = 4E19A47826EE8B6B008F3341 /* HoldRepeatButton.swift */; };
		4E34B56526F3FB8B00323D23 /* ExpandedKeyBezierPath.swift in Sources */ = {isa = PBXBuildFile; fileRef = 4E48DAC126F3D2CC00F88CD9 /* ExpandedKeyBezierPath.swift */; };
		4E34B56626F3FB8B00323D23 /* UIInputViewController+.swift in Sources */ = {isa = PBXBuildFile; fileRef = 4E5D174C26EAE8B8003B5C5B /* UIInputViewController+.swift */; };
		4E3F5659269C45E4002B91A6 /* SettingsCustomKeyboardPage.swift in Sources */ = {isa = PBXBuildFile; fileRef = 4E3F5658269C45E4002B91A6 /* SettingsCustomKeyboardPage.swift */; };
		4E4030EA269C584C0081E3FD /* UIApplicationFunctions.swift in Sources */ = {isa = PBXBuildFile; fileRef = 4E4030E9269C584C0081E3FD /* UIApplicationFunctions.swift */; };
		4E4030F0269D456D0081E3FD /* SupportUsPageButtons.swift in Sources */ = {isa = PBXBuildFile; fileRef = 4E4030EF269D456D0081E3FD /* SupportUsPageButtons.swift */; };
		4E4030F4269FE0530081E3FD /* View+makeStackNavigationPage.swift in Sources */ = {isa = PBXBuildFile; fileRef = 4E4030F3269FE0520081E3FD /* View+makeStackNavigationPage.swift */; };
		4E408CE827110E6700D52CE6 /* BottomRowDataSource.swift in Sources */ = {isa = PBXBuildFile; fileRef = 4E408CE727110E6700D52CE6 /* BottomRowDataSource.swift */; };
		4E408CE927110E6700D52CE6 /* BottomRowDataSource.swift in Sources */ = {isa = PBXBuildFile; fileRef = 4E408CE727110E6700D52CE6 /* BottomRowDataSource.swift */; };
		4E48DAC826F3ED6900F88CD9 /* VisualEffectView.swift in Sources */ = {isa = PBXBuildFile; fileRef = 4E48DAC626F3ED6900F88CD9 /* VisualEffectView.swift */; };
		4E4993DC2A767FC700616B4E /* CursorGestureState.swift in Sources */ = {isa = PBXBuildFile; fileRef = 4E4993DB2A767FC700616B4E /* CursorGestureState.swift */; };
		4E4993DD2A7680A900616B4E /* ToolbarRow.swift in Sources */ = {isa = PBXBuildFile; fileRef = 4EAFA35A26EADBDE00344131 /* ToolbarRow.swift */; };
		4E4993DE2A7680AD00616B4E /* CursorGestureState.swift in Sources */ = {isa = PBXBuildFile; fileRef = 4E4993DB2A767FC700616B4E /* CursorGestureState.swift */; };
		4E4993E02A76882800616B4E /* FakeKeyCollection.swift in Sources */ = {isa = PBXBuildFile; fileRef = 4E4993DF2A76882800616B4E /* FakeKeyCollection.swift */; };
		4E4993E12A76882800616B4E /* FakeKeyCollection.swift in Sources */ = {isa = PBXBuildFile; fileRef = 4E4993DF2A76882800616B4E /* FakeKeyCollection.swift */; };
		4E4993EE2A77649600616B4E /* IPA_KeyboardTests.swift in Sources */ = {isa = PBXBuildFile; fileRef = 4E4993ED2A77649600616B4E /* IPA_KeyboardTests.swift */; };
		4E4993F72A77685400616B4E /* IPASymbols.swift in Sources */ = {isa = PBXBuildFile; fileRef = 4E84B1952142624C0078AC4B /* IPASymbols.swift */; };
		4E4993F92A77689C00616B4E /* KeySetConsistentAcrossSizesTest.swift in Sources */ = {isa = PBXBuildFile; fileRef = 4E4993F82A77689B00616B4E /* KeySetConsistentAcrossSizesTest.swift */; };
		4E4D98FA2742FAE2001E701B /* StoreManager.swift in Sources */ = {isa = PBXBuildFile; fileRef = 4E4D98F92742FAE2001E701B /* StoreManager.swift */; };
		4E4D98FC2743086D001E701B /* HorizontalIAPButton.swift in Sources */ = {isa = PBXBuildFile; fileRef = 4E4D98FB2743086D001E701B /* HorizontalIAPButton.swift */; };
		4E5D174B26EAE751003B5C5B /* Symbols.swift in Sources */ = {isa = PBXBuildFile; fileRef = 4E6755F822EA0F0E00DA88BB /* Symbols.swift */; };
		4E5D174E26EAE8B8003B5C5B /* UIInputViewController+.swift in Sources */ = {isa = PBXBuildFile; fileRef = 4E5D174C26EAE8B8003B5C5B /* UIInputViewController+.swift */; };
		4E5D175326EAE916003B5C5B /* ToolbarButtonStyles.swift in Sources */ = {isa = PBXBuildFile; fileRef = 4E5D175126EAE916003B5C5B /* ToolbarButtonStyles.swift */; };
		4E5D175926EAEB39003B5C5B /* RepeatTimer.swift in Sources */ = {isa = PBXBuildFile; fileRef = 4E5D175726EAEB39003B5C5B /* RepeatTimer.swift */; };
		4E5D175B26EAED83003B5C5B /* SystemSounds.swift in Sources */ = {isa = PBXBuildFile; fileRef = 4E5D175A26EAED83003B5C5B /* SystemSounds.swift */; };
		4E5D175C26EAED83003B5C5B /* SystemSounds.swift in Sources */ = {isa = PBXBuildFile; fileRef = 4E5D175A26EAED83003B5C5B /* SystemSounds.swift */; };
		4E5D175F26EAF00E003B5C5B /* BottomRow.swift in Sources */ = {isa = PBXBuildFile; fileRef = 4E5D175D26EAF00E003B5C5B /* BottomRow.swift */; };
		4E65D9752724D20500E49DD7 /* LinkCopiedBanner.swift in Sources */ = {isa = PBXBuildFile; fileRef = 4E65D9742724D20500E49DD7 /* LinkCopiedBanner.swift */; };
		4E6755F422EA062800DA88BB /* IPAKeyboardViewControllerTemplate.swift in Sources */ = {isa = PBXBuildFile; fileRef = 4E6755F222EA062800DA88BB /* IPAKeyboardViewControllerTemplate.swift */; };
		4E6755F922EA0F0E00DA88BB /* Symbols.swift in Sources */ = {isa = PBXBuildFile; fileRef = 4E6755F822EA0F0E00DA88BB /* Symbols.swift */; };
		4E7958EA2A7A752100C54EB4 /* BackwardsDeleteButton.swift in Sources */ = {isa = PBXBuildFile; fileRef = 4E7958E92A7A752100C54EB4 /* BackwardsDeleteButton.swift */; };
		4E7958EB2A7A752100C54EB4 /* BackwardsDeleteButton.swift in Sources */ = {isa = PBXBuildFile; fileRef = 4E7958E92A7A752100C54EB4 /* BackwardsDeleteButton.swift */; };
		4E84B15D2140E9330078AC4B /* Assets.xcassets in Resources */ = {isa = PBXBuildFile; fileRef = 4E84B15C2140E9330078AC4B /* Assets.xcassets */; };
		4E84B18A2140E9980078AC4B /* MainIPAKeyboardViewController.swift in Sources */ = {isa = PBXBuildFile; fileRef = 4E84B1892140E9980078AC4B /* MainIPAKeyboardViewController.swift */; };
		4E84B18E2140E9980078AC4B /* IPA Keyboard Extension.appex in Embed Foundation Extensions */ = {isa = PBXBuildFile; fileRef = 4E84B1872140E9980078AC4B /* IPA Keyboard Extension.appex */; settings = {ATTRIBUTES = (RemoveHeadersOnCopy, ); }; };
		4E84B1962142624C0078AC4B /* IPASymbols.swift in Sources */ = {isa = PBXBuildFile; fileRef = 4E84B1952142624C0078AC4B /* IPASymbols.swift */; };
		4E84B1A221452AF00078AC4B /* SectionHeader.swift in Sources */ = {isa = PBXBuildFile; fileRef = 4E84B1A121452AF00078AC4B /* SectionHeader.swift */; };
		4E84B1AB21456EEB0078AC4B /* Localizable.strings in Resources */ = {isa = PBXBuildFile; fileRef = 4E84B1A921456EEB0078AC4B /* Localizable.strings */; };
		4E84B1B9214745CE0078AC4B /* KeyButtonCell.swift in Sources */ = {isa = PBXBuildFile; fileRef = 4E84B1B8214745CE0078AC4B /* KeyButtonCell.swift */; };
		4EA664B626EFFF0B001588E9 /* KeyboardLayout.swift in Sources */ = {isa = PBXBuildFile; fileRef = 4EA664B526EFFF0B001588E9 /* KeyboardLayout.swift */; };
		4EAA9212217F831A0015DBFE /* InfoPlist.strings in Resources */ = {isa = PBXBuildFile; fileRef = 4EAA9214217F831A0015DBFE /* InfoPlist.strings */; };
		4EAC2B70214B5F54008CF477 /* InfoPlist.strings in Resources */ = {isa = PBXBuildFile; fileRef = 4EAC2B72214B5F54008CF477 /* InfoPlist.strings */; };
		4EAFA34E26E1A86700344131 /* UserTipView.swift in Sources */ = {isa = PBXBuildFile; fileRef = 4EAFA34D26E1A86700344131 /* UserTipView.swift */; };
		4EAFA35526E241A400344131 /* StoreKit.framework in Frameworks */ = {isa = PBXBuildFile; fileRef = 4EAFA35426E241A400344131 /* StoreKit.framework */; };
		4EAFA35826EABD1A00344131 /* StorageKeys.swift in Sources */ = {isa = PBXBuildFile; fileRef = 4EAFA35726EABD1A00344131 /* StorageKeys.swift */; };
		4EAFA35926EABD7500344131 /* StorageKeys.swift in Sources */ = {isa = PBXBuildFile; fileRef = 4EAFA35726EABD1A00344131 /* StorageKeys.swift */; };
		4EAFA35B26EADBDE00344131 /* ToolbarRow.swift in Sources */ = {isa = PBXBuildFile; fileRef = 4EAFA35A26EADBDE00344131 /* ToolbarRow.swift */; };
		4EB2E6E42836E2E90048C926 /* InputSwitchButton.swift in Sources */ = {isa = PBXBuildFile; fileRef = 4EB2E6E32836E2E90048C926 /* InputSwitchButton.swift */; };
		4EB2E6E52836E2E90048C926 /* InputSwitchButton.swift in Sources */ = {isa = PBXBuildFile; fileRef = 4EB2E6E32836E2E90048C926 /* InputSwitchButton.swift */; };
		4EB2E6E72836E32A0048C926 /* UIKitComponents.swift in Sources */ = {isa = PBXBuildFile; fileRef = 4EB2E6E62836E32A0048C926 /* UIKitComponents.swift */; };
		4EB2E6E82836E32A0048C926 /* UIKitComponents.swift in Sources */ = {isa = PBXBuildFile; fileRef = 4EB2E6E62836E32A0048C926 /* UIKitComponents.swift */; };
		4EB2E6EE28372F420048C926 /* UIKitHelperFunctions.swift in Sources */ = {isa = PBXBuildFile; fileRef = 4EB2E6ED28372F420048C926 /* UIKitHelperFunctions.swift */; };
		4EB2E6EF28372F420048C926 /* UIKitHelperFunctions.swift in Sources */ = {isa = PBXBuildFile; fileRef = 4EB2E6ED28372F420048C926 /* UIKitHelperFunctions.swift */; };
		4EB2E6F228373EAB0048C926 /* GlyphButton.swift in Sources */ = {isa = PBXBuildFile; fileRef = 4EB2E6F128373EAB0048C926 /* GlyphButton.swift */; };
		4EB2E6F328373EAB0048C926 /* GlyphButton.swift in Sources */ = {isa = PBXBuildFile; fileRef = 4EB2E6F128373EAB0048C926 /* GlyphButton.swift */; };
		4EB754C726F4310300B34608 /* SectionHeader.swift in Sources */ = {isa = PBXBuildFile; fileRef = 4E84B1A121452AF00078AC4B /* SectionHeader.swift */; };
		4EB754C826F4310300B34608 /* KeyButtonCell.swift in Sources */ = {isa = PBXBuildFile; fileRef = 4E84B1B8214745CE0078AC4B /* KeyButtonCell.swift */; };
		4EB754CA26F526B300B34608 /* ColorConstants.swift in Sources */ = {isa = PBXBuildFile; fileRef = 4EB754C926F526B300B34608 /* ColorConstants.swift */; };
		4EB754CB26F526B300B34608 /* ColorConstants.swift in Sources */ = {isa = PBXBuildFile; fileRef = 4EB754C926F526B300B34608 /* ColorConstants.swift */; };
		4EB754CD26F5361100B34608 /* ExpandedKeyOverlay.swift in Sources */ = {isa = PBXBuildFile; fileRef = 4EB754CC26F5361100B34608 /* ExpandedKeyOverlay.swift */; };
		4EB754CE26F5361100B34608 /* ExpandedKeyOverlay.swift in Sources */ = {isa = PBXBuildFile; fileRef = 4EB754CC26F5361100B34608 /* ExpandedKeyOverlay.swift */; };
		4ED8A73326A11C29001015B2 /* Constants.swift in Sources */ = {isa = PBXBuildFile; fileRef = 4ED8A73226A11C29001015B2 /* Constants.swift */; };
		4EDF784D2A7DCF790020CFC0 /* KeyboardSizeClass.swift in Sources */ = {isa = PBXBuildFile; fileRef = 4EEEE4D52A77A9DD0071E301 /* KeyboardSizeClass.swift */; };
		4EEEE4C02A7774730071E301 /* KeyboardLayouts.swift in Sources */ = {isa = PBXBuildFile; fileRef = 4EEEE4BF2A7774730071E301 /* KeyboardLayouts.swift */; };
		4EEEE4C12A7774730071E301 /* KeyboardLayouts.swift in Sources */ = {isa = PBXBuildFile; fileRef = 4EEEE4BF2A7774730071E301 /* KeyboardLayouts.swift */; };
		4EEEE4C32A77769C0071E301 /* ExtIPASymbols.swift in Sources */ = {isa = PBXBuildFile; fileRef = 4EEEE4C22A77769C0071E301 /* ExtIPASymbols.swift */; };
		4EEEE4C42A77769C0071E301 /* ExtIPASymbols.swift in Sources */ = {isa = PBXBuildFile; fileRef = 4EEEE4C22A77769C0071E301 /* ExtIPASymbols.swift */; };
		4EEEE4C62A777F360071E301 /* NonstandardSymbols.swift in Sources */ = {isa = PBXBuildFile; fileRef = 4EEEE4C52A777F360071E301 /* NonstandardSymbols.swift */; };
		4EEEE4C72A777F360071E301 /* NonstandardSymbols.swift in Sources */ = {isa = PBXBuildFile; fileRef = 4EEEE4C52A777F360071E301 /* NonstandardSymbols.swift */; };
		4EEEE4C92A77974E0071E301 /* LayoutSwitcherState.swift in Sources */ = {isa = PBXBuildFile; fileRef = 4EEEE4C82A77974E0071E301 /* LayoutSwitcherState.swift */; };
		4EEEE4CA2A77974E0071E301 /* LayoutSwitcherState.swift in Sources */ = {isa = PBXBuildFile; fileRef = 4EEEE4C82A77974E0071E301 /* LayoutSwitcherState.swift */; };
		4EEEE4CC2A77A5550071E301 /* PinnedSymbolKeys.swift in Sources */ = {isa = PBXBuildFile; fileRef = 4EEEE4CB2A77A5550071E301 /* PinnedSymbolKeys.swift */; };
		4EEEE4CD2A77A5EB0071E301 /* PinnedSymbolKeys.swift in Sources */ = {isa = PBXBuildFile; fileRef = 4EEEE4CB2A77A5550071E301 /* PinnedSymbolKeys.swift */; };
		4EEEE4CF2A77A6E50071E301 /* SpaceKeyWithCursorControl.swift in Sources */ = {isa = PBXBuildFile; fileRef = 4EEEE4CE2A77A6E50071E301 /* SpaceKeyWithCursorControl.swift */; };
		4EEEE4D02A77A6E50071E301 /* SpaceKeyWithCursorControl.swift in Sources */ = {isa = PBXBuildFile; fileRef = 4EEEE4CE2A77A6E50071E301 /* SpaceKeyWithCursorControl.swift */; };
		4EEEE4D32A77A9000071E301 /* PinnedGeneralKeys.swift in Sources */ = {isa = PBXBuildFile; fileRef = 4EEEE4D22A77A9000071E301 /* PinnedGeneralKeys.swift */; };
		4EEEE4D42A77A9000071E301 /* PinnedGeneralKeys.swift in Sources */ = {isa = PBXBuildFile; fileRef = 4EEEE4D22A77A9000071E301 /* PinnedGeneralKeys.swift */; };
		4EEEE4D72A77A9DD0071E301 /* KeyboardSizeClass.swift in Sources */ = {isa = PBXBuildFile; fileRef = 4EEEE4D52A77A9DD0071E301 /* KeyboardSizeClass.swift */; };
		4EEEE4D92A7881D00071E301 /* SectionScroller.swift in Sources */ = {isa = PBXBuildFile; fileRef = 4EEEE4D82A7881D00071E301 /* SectionScroller.swift */; };
		4EEEE4DA2A7881D00071E301 /* SectionScroller.swift in Sources */ = {isa = PBXBuildFile; fileRef = 4EEEE4D82A7881D00071E301 /* SectionScroller.swift */; };
		4EEEE4DC2A7887BE0071E301 /* LayoutSwitcher.swift in Sources */ = {isa = PBXBuildFile; fileRef = 4EEEE4DB2A7887BE0071E301 /* LayoutSwitcher.swift */; };
		4EEEE4DD2A7887BE0071E301 /* LayoutSwitcher.swift in Sources */ = {isa = PBXBuildFile; fileRef = 4EEEE4DB2A7887BE0071E301 /* LayoutSwitcher.swift */; };
		4EEEE4DE2A788BBA0071E301 /* KeyboardLayout+.swift in Sources */ = {isa = PBXBuildFile; fileRef = 4E0A9E25283D93AE00378987 /* KeyboardLayout+.swift */; };
		4EEEE4E02A79C0190071E301 /* SectionsSaturationTest.swift in Sources */ = {isa = PBXBuildFile; fileRef = 4EEEE4DF2A79C0190071E301 /* SectionsSaturationTest.swift */; };
		4EEEE4E22A79D3DE0071E301 /* IPA Phonetic Keyboard.storekit in Resources */ = {isa = PBXBuildFile; fileRef = 4EEEE4E12A79D3DE0071E301 /* IPA Phonetic Keyboard.storekit */; };
		4EEEE4E32A79D3DE0071E301 /* IPA Phonetic Keyboard.storekit in Resources */ = {isa = PBXBuildFile; fileRef = 4EEEE4E12A79D3DE0071E301 /* IPA Phonetic Keyboard.storekit */; };
/* End PBXBuildFile section */

/* Begin PBXContainerItemProxy section */
		4E4993EF2A77649600616B4E /* PBXContainerItemProxy */ = {
			isa = PBXContainerItemProxy;
			containerPortal = 4E84B14A2140E92F0078AC4B /* Project object */;
			proxyType = 1;
			remoteGlobalIDString = 4E84B1512140E92F0078AC4B;
			remoteInfo = "IPA Keyboard";
		};
		4E84B18C2140E9980078AC4B /* PBXContainerItemProxy */ = {
			isa = PBXContainerItemProxy;
			containerPortal = 4E84B14A2140E92F0078AC4B /* Project object */;
			proxyType = 1;
			remoteGlobalIDString = 4E84B1862140E9980078AC4B;
			remoteInfo = "IPA Keyboard Extension";
		};
/* End PBXContainerItemProxy section */

/* Begin PBXCopyFilesBuildPhase section */
		4E84B1922140E9980078AC4B /* Embed Foundation Extensions */ = {
			isa = PBXCopyFilesBuildPhase;
			buildActionMask = 2147483647;
			dstPath = "";
			dstSubfolderSpec = 13;
			files = (
				4E84B18E2140E9980078AC4B /* IPA Keyboard Extension.appex in Embed Foundation Extensions */,
			);
			name = "Embed Foundation Extensions";
			runOnlyForDeploymentPostprocessing = 0;
		};
/* End PBXCopyFilesBuildPhase section */

/* Begin PBXFileReference section */
		4E0A9E1C283D789600378987 /* Layout.swift */ = {isa = PBXFileReference; lastKnownFileType = sourcecode.swift; path = Layout.swift; sourceTree = "<group>"; };
		4E0A9E21283D8DA200378987 /* IPAKeyboardViewControllerTemplate+UICollectionViewDataSource.swift */ = {isa = PBXFileReference; lastKnownFileType = sourcecode.swift; path = "IPAKeyboardViewControllerTemplate+UICollectionViewDataSource.swift"; sourceTree = "<group>"; };
		4E0A9E23283D8E9900378987 /* CollectionViewConstants.swift */ = {isa = PBXFileReference; lastKnownFileType = sourcecode.swift; path = CollectionViewConstants.swift; sourceTree = "<group>"; };
		4E0A9E25283D93AE00378987 /* KeyboardLayout+.swift */ = {isa = PBXFileReference; lastKnownFileType = sourcecode.swift; path = "KeyboardLayout+.swift"; sourceTree = "<group>"; };
		4E0A9E27283D9C8300378987 /* KeyButtonActions.swift */ = {isa = PBXFileReference; lastKnownFileType = sourcecode.swift; path = KeyButtonActions.swift; sourceTree = "<group>"; };
		4E0B7423269BD5380066345B /* InstructionsListItem.swift */ = {isa = PBXFileReference; lastKnownFileType = sourcecode.swift; path = InstructionsListItem.swift; sourceTree = "<group>"; };
		4E0B7426269C21840066345B /* GettingStartedPage.swift */ = {isa = PBXFileReference; lastKnownFileType = sourcecode.swift; path = GettingStartedPage.swift; sourceTree = "<group>"; };
		4E0B7428269C22390066345B /* SettingsPage.swift */ = {isa = PBXFileReference; lastKnownFileType = sourcecode.swift; path = SettingsPage.swift; sourceTree = "<group>"; };
		4E0B742A269C2A4A0066345B /* SupportUsPage.swift */ = {isa = PBXFileReference; lastKnownFileType = sourcecode.swift; path = SupportUsPage.swift; sourceTree = "<group>"; };
		4E14C37F261E8624001AE827 /* IPAKeyboardApp.swift */ = {isa = PBXFileReference; lastKnownFileType = sourcecode.swift; path = IPAKeyboardApp.swift; sourceTree = "<group>"; };
		4E14C383261E864C001AE827 /* MainTabView.swift */ = {isa = PBXFileReference; lastKnownFileType = sourcecode.swift; path = MainTabView.swift; sourceTree = "<group>"; };
		4E14C3B4261E8E19001AE827 /* en */ = {isa = PBXFileReference; lastKnownFileType = text.plist.strings; name = en; path = en.lproj/Localizable.strings; sourceTree = "<group>"; };
		4E14C3BC261EAD6F001AE827 /* BlueButtonStyle.swift */ = {isa = PBXFileReference; lastKnownFileType = sourcecode.swift; path = BlueButtonStyle.swift; sourceTree = "<group>"; };
		4E19A47826EE8B6B008F3341 /* HoldRepeatButton.swift */ = {isa = PBXFileReference; lastKnownFileType = sourcecode.swift; path = HoldRepeatButton.swift; sourceTree = "<group>"; };
		4E2148C329F220EC0037328C /* FAQPage.swift */ = {isa = PBXFileReference; lastKnownFileType = sourcecode.swift; path = FAQPage.swift; sourceTree = "<group>"; };
		4E34246928448E7400DABC81 /* Operators.swift */ = {isa = PBXFileReference; lastKnownFileType = sourcecode.swift; path = Operators.swift; sourceTree = "<group>"; };
		4E3F5658269C45E4002B91A6 /* SettingsCustomKeyboardPage.swift */ = {isa = PBXFileReference; lastKnownFileType = sourcecode.swift; path = SettingsCustomKeyboardPage.swift; sourceTree = "<group>"; };
		4E4030E9269C584C0081E3FD /* UIApplicationFunctions.swift */ = {isa = PBXFileReference; lastKnownFileType = sourcecode.swift; path = UIApplicationFunctions.swift; sourceTree = "<group>"; };
		4E4030EC269D0B880081E3FD /* zh-Hant */ = {isa = PBXFileReference; lastKnownFileType = text.plist.strings; name = "zh-Hant"; path = "zh-Hant.lproj/Localizable.strings"; sourceTree = "<group>"; };
		4E4030ED269D0B8A0081E3FD /* ja */ = {isa = PBXFileReference; lastKnownFileType = text.plist.strings; name = ja; path = ja.lproj/Localizable.strings; sourceTree = "<group>"; };
		4E4030EE269D0B8B0081E3FD /* eo */ = {isa = PBXFileReference; lastKnownFileType = text.plist.strings; name = eo; path = eo.lproj/Localizable.strings; sourceTree = "<group>"; };
		4E4030EF269D456D0081E3FD /* SupportUsPageButtons.swift */ = {isa = PBXFileReference; lastKnownFileType = sourcecode.swift; path = SupportUsPageButtons.swift; sourceTree = "<group>"; };
		4E4030F3269FE0520081E3FD /* View+makeStackNavigationPage.swift */ = {isa = PBXFileReference; lastKnownFileType = sourcecode.swift; path = "View+makeStackNavigationPage.swift"; sourceTree = "<group>"; };
		4E408CE727110E6700D52CE6 /* BottomRowDataSource.swift */ = {isa = PBXFileReference; lastKnownFileType = sourcecode.swift; path = BottomRowDataSource.swift; sourceTree = "<group>"; };
		4E48DABF26F3CB9B00F88CD9 /* KeyButtonView.swift */ = {isa = PBXFileReference; lastKnownFileType = sourcecode.swift; path = KeyButtonView.swift; sourceTree = "<group>"; };
		4E48DAC126F3D2CC00F88CD9 /* ExpandedKeyBezierPath.swift */ = {isa = PBXFileReference; lastKnownFileType = sourcecode.swift; path = ExpandedKeyBezierPath.swift; sourceTree = "<group>"; };
		4E48DAC626F3ED6900F88CD9 /* VisualEffectView.swift */ = {isa = PBXFileReference; lastKnownFileType = sourcecode.swift; path = VisualEffectView.swift; sourceTree = "<group>"; };
		4E4993DB2A767FC700616B4E /* CursorGestureState.swift */ = {isa = PBXFileReference; lastKnownFileType = sourcecode.swift; path = CursorGestureState.swift; sourceTree = "<group>"; };
		4E4993DF2A76882800616B4E /* FakeKeyCollection.swift */ = {isa = PBXFileReference; lastKnownFileType = sourcecode.swift; path = FakeKeyCollection.swift; sourceTree = "<group>"; };
		4E4993EB2A77649600616B4E /* IPA KeyboardTests.xctest */ = {isa = PBXFileReference; explicitFileType = wrapper.cfbundle; includeInIndex = 0; path = "IPA KeyboardTests.xctest"; sourceTree = BUILT_PRODUCTS_DIR; };
		4E4993ED2A77649600616B4E /* IPA_KeyboardTests.swift */ = {isa = PBXFileReference; lastKnownFileType = sourcecode.swift; path = IPA_KeyboardTests.swift; sourceTree = "<group>"; };
		4E4993F82A77689B00616B4E /* KeySetConsistentAcrossSizesTest.swift */ = {isa = PBXFileReference; fileEncoding = 4; lastKnownFileType = sourcecode.swift; path = KeySetConsistentAcrossSizesTest.swift; sourceTree = "<group>"; };
		4E4C51692462C28200B9AC43 /* README.md */ = {isa = PBXFileReference; lastKnownFileType = net.daringfireball.markdown; path = README.md; sourceTree = "<group>"; };
		4E4D98F92742FAE2001E701B /* StoreManager.swift */ = {isa = PBXFileReference; lastKnownFileType = sourcecode.swift; path = StoreManager.swift; sourceTree = "<group>"; };
		4E4D98FB2743086D001E701B /* HorizontalIAPButton.swift */ = {isa = PBXFileReference; lastKnownFileType = sourcecode.swift; path = HorizontalIAPButton.swift; sourceTree = "<group>"; };
		4E5D16BE22B393DF00F40B13 /* zh-Hant */ = {isa = PBXFileReference; lastKnownFileType = text.plist.strings; name = "zh-Hant"; path = "zh-Hant.lproj/InfoPlist.strings"; sourceTree = "<group>"; };
		4E5D16BF22B393DF00F40B13 /* zh-Hant */ = {isa = PBXFileReference; lastKnownFileType = text.plist.strings; name = "zh-Hant"; path = "../zh-Hant.lproj/Localizable.strings"; sourceTree = "<group>"; };
		4E5D16C022B393DF00F40B13 /* zh-Hant */ = {isa = PBXFileReference; lastKnownFileType = text.plist.strings; name = "zh-Hant"; path = "zh-Hant.lproj/InfoPlist.strings"; sourceTree = "<group>"; };
		4E5D174C26EAE8B8003B5C5B /* UIInputViewController+.swift */ = {isa = PBXFileReference; lastKnownFileType = sourcecode.swift; path = "UIInputViewController+.swift"; sourceTree = "<group>"; };
		4E5D175126EAE916003B5C5B /* ToolbarButtonStyles.swift */ = {isa = PBXFileReference; lastKnownFileType = sourcecode.swift; path = ToolbarButtonStyles.swift; sourceTree = "<group>"; };
		4E5D175726EAEB39003B5C5B /* RepeatTimer.swift */ = {isa = PBXFileReference; lastKnownFileType = sourcecode.swift; path = RepeatTimer.swift; sourceTree = "<group>"; };
		4E5D175A26EAED83003B5C5B /* SystemSounds.swift */ = {isa = PBXFileReference; lastKnownFileType = sourcecode.swift; path = SystemSounds.swift; sourceTree = "<group>"; };
		4E5D175D26EAF00E003B5C5B /* BottomRow.swift */ = {isa = PBXFileReference; lastKnownFileType = sourcecode.swift; path = BottomRow.swift; sourceTree = "<group>"; };
		4E65D9742724D20500E49DD7 /* LinkCopiedBanner.swift */ = {isa = PBXFileReference; lastKnownFileType = sourcecode.swift; path = LinkCopiedBanner.swift; sourceTree = "<group>"; };
		4E6755F222EA062800DA88BB /* IPAKeyboardViewControllerTemplate.swift */ = {isa = PBXFileReference; lastKnownFileType = sourcecode.swift; path = IPAKeyboardViewControllerTemplate.swift; sourceTree = "<group>"; };
		4E6755F822EA0F0E00DA88BB /* Symbols.swift */ = {isa = PBXFileReference; lastKnownFileType = sourcecode.swift; path = Symbols.swift; sourceTree = "<group>"; };
		4E7958E92A7A752100C54EB4 /* BackwardsDeleteButton.swift */ = {isa = PBXFileReference; lastKnownFileType = sourcecode.swift; path = BackwardsDeleteButton.swift; sourceTree = "<group>"; };
		4E84B1522140E92F0078AC4B /* IPA Keyboard.app */ = {isa = PBXFileReference; explicitFileType = wrapper.application; includeInIndex = 0; path = "IPA Keyboard.app"; sourceTree = BUILT_PRODUCTS_DIR; };
		4E84B15C2140E9330078AC4B /* Assets.xcassets */ = {isa = PBXFileReference; lastKnownFileType = folder.assetcatalog; path = Assets.xcassets; sourceTree = "<group>"; };
		4E84B1612140E9330078AC4B /* Info.plist */ = {isa = PBXFileReference; lastKnownFileType = text.plist.xml; path = Info.plist; sourceTree = "<group>"; };
		4E84B1872140E9980078AC4B /* IPA Keyboard Extension.appex */ = {isa = PBXFileReference; explicitFileType = "wrapper.app-extension"; includeInIndex = 0; path = "IPA Keyboard Extension.appex"; sourceTree = BUILT_PRODUCTS_DIR; };
		4E84B1892140E9980078AC4B /* MainIPAKeyboardViewController.swift */ = {isa = PBXFileReference; lastKnownFileType = sourcecode.swift; path = MainIPAKeyboardViewController.swift; sourceTree = "<group>"; };
		4E84B18B2140E9980078AC4B /* Info.plist */ = {isa = PBXFileReference; lastKnownFileType = text.plist.xml; path = Info.plist; sourceTree = "<group>"; };
		4E84B1952142624C0078AC4B /* IPASymbols.swift */ = {isa = PBXFileReference; lastKnownFileType = sourcecode.swift; path = IPASymbols.swift; sourceTree = "<group>"; };
		4E84B1A121452AF00078AC4B /* SectionHeader.swift */ = {isa = PBXFileReference; lastKnownFileType = sourcecode.swift; path = SectionHeader.swift; sourceTree = "<group>"; };
		4E84B1AD21456F660078AC4B /* Base */ = {isa = PBXFileReference; lastKnownFileType = text.plist.strings; name = Base; path = ../Base.lproj/Localizable.strings; sourceTree = "<group>"; };
		4E84B1AE21456F680078AC4B /* en */ = {isa = PBXFileReference; lastKnownFileType = text.plist.strings; name = en; path = ../en.lproj/Localizable.strings; sourceTree = "<group>"; };
		4E84B1B121456F940078AC4B /* zh-Hans */ = {isa = PBXFileReference; lastKnownFileType = text.plist.strings; name = "zh-Hans"; path = "../zh-Hans.lproj/Localizable.strings"; sourceTree = "<group>"; };
		4E84B1B421456FB40078AC4B /* ja */ = {isa = PBXFileReference; lastKnownFileType = text.plist.strings; name = ja; path = ../ja.lproj/Localizable.strings; sourceTree = "<group>"; };
		4E84B1B721456FC40078AC4B /* eo */ = {isa = PBXFileReference; lastKnownFileType = text.plist.strings; name = eo; path = ../eo.lproj/Localizable.strings; sourceTree = "<group>"; };
		4E84B1B8214745CE0078AC4B /* KeyButtonCell.swift */ = {isa = PBXFileReference; lastKnownFileType = sourcecode.swift; path = KeyButtonCell.swift; sourceTree = "<group>"; };
		4EA664B526EFFF0B001588E9 /* KeyboardLayout.swift */ = {isa = PBXFileReference; lastKnownFileType = sourcecode.swift; path = KeyboardLayout.swift; sourceTree = "<group>"; };
		4EAA9213217F831A0015DBFE /* en */ = {isa = PBXFileReference; lastKnownFileType = text.plist.strings; name = en; path = en.lproj/InfoPlist.strings; sourceTree = "<group>"; };
		4EAA9215217F831D0015DBFE /* zh-Hans */ = {isa = PBXFileReference; lastKnownFileType = text.plist.strings; name = "zh-Hans"; path = "zh-Hans.lproj/InfoPlist.strings"; sourceTree = "<group>"; };
		4EAA9216217F831F0015DBFE /* ja */ = {isa = PBXFileReference; lastKnownFileType = text.plist.strings; name = ja; path = ja.lproj/InfoPlist.strings; sourceTree = "<group>"; };
		4EAA9217217F83220015DBFE /* eo */ = {isa = PBXFileReference; lastKnownFileType = text.plist.strings; name = eo; path = eo.lproj/InfoPlist.strings; sourceTree = "<group>"; };
		4EAC2B71214B5F54008CF477 /* en */ = {isa = PBXFileReference; lastKnownFileType = text.plist.strings; name = en; path = en.lproj/InfoPlist.strings; sourceTree = "<group>"; };
		4EAC2B73214B5F59008CF477 /* zh-Hans */ = {isa = PBXFileReference; lastKnownFileType = text.plist.strings; name = "zh-Hans"; path = "zh-Hans.lproj/InfoPlist.strings"; sourceTree = "<group>"; };
		4EAC2B74214B5F5A008CF477 /* ja */ = {isa = PBXFileReference; lastKnownFileType = text.plist.strings; name = ja; path = ja.lproj/InfoPlist.strings; sourceTree = "<group>"; };
		4EAC2B75214B5F5B008CF477 /* eo */ = {isa = PBXFileReference; lastKnownFileType = text.plist.strings; name = eo; path = eo.lproj/InfoPlist.strings; sourceTree = "<group>"; };
		4EAFA34D26E1A86700344131 /* UserTipView.swift */ = {isa = PBXFileReference; lastKnownFileType = sourcecode.swift; path = UserTipView.swift; sourceTree = "<group>"; };
		4EAFA35126E22CC700344131 /* zh-Hans */ = {isa = PBXFileReference; lastKnownFileType = text.plist.strings; name = "zh-Hans"; path = "zh-Hans.lproj/Localizable.strings"; sourceTree = "<group>"; };
		4EAFA35226E240B000344131 /* IPA Keyboard.entitlements */ = {isa = PBXFileReference; lastKnownFileType = text.plist.entitlements; path = "IPA Keyboard.entitlements"; sourceTree = "<group>"; };
		4EAFA35426E241A400344131 /* StoreKit.framework */ = {isa = PBXFileReference; lastKnownFileType = wrapper.framework; name = StoreKit.framework; path = System/Library/Frameworks/StoreKit.framework; sourceTree = SDKROOT; };
		4EAFA35626E5B75E00344131 /* IPA Keyboard Extension.entitlements */ = {isa = PBXFileReference; lastKnownFileType = text.plist.entitlements; path = "IPA Keyboard Extension.entitlements"; sourceTree = "<group>"; };
		4EAFA35726EABD1A00344131 /* StorageKeys.swift */ = {isa = PBXFileReference; lastKnownFileType = sourcecode.swift; path = StorageKeys.swift; sourceTree = "<group>"; };
		4EAFA35A26EADBDE00344131 /* ToolbarRow.swift */ = {isa = PBXFileReference; lastKnownFileType = sourcecode.swift; path = ToolbarRow.swift; sourceTree = "<group>"; };
		4EB2E6E32836E2E90048C926 /* InputSwitchButton.swift */ = {isa = PBXFileReference; lastKnownFileType = sourcecode.swift; path = InputSwitchButton.swift; sourceTree = "<group>"; };
		4EB2E6E62836E32A0048C926 /* UIKitComponents.swift */ = {isa = PBXFileReference; lastKnownFileType = sourcecode.swift; path = UIKitComponents.swift; sourceTree = "<group>"; };
		4EB2E6ED28372F420048C926 /* UIKitHelperFunctions.swift */ = {isa = PBXFileReference; lastKnownFileType = sourcecode.swift; path = UIKitHelperFunctions.swift; sourceTree = "<group>"; };
		4EB2E6F128373EAB0048C926 /* GlyphButton.swift */ = {isa = PBXFileReference; lastKnownFileType = sourcecode.swift; path = GlyphButton.swift; sourceTree = "<group>"; };
		4EB754C926F526B300B34608 /* ColorConstants.swift */ = {isa = PBXFileReference; lastKnownFileType = sourcecode.swift; path = ColorConstants.swift; sourceTree = "<group>"; };
		4EB754CC26F5361100B34608 /* ExpandedKeyOverlay.swift */ = {isa = PBXFileReference; lastKnownFileType = sourcecode.swift; path = ExpandedKeyOverlay.swift; sourceTree = "<group>"; };
		4ED8A73226A11C29001015B2 /* Constants.swift */ = {isa = PBXFileReference; lastKnownFileType = sourcecode.swift; path = Constants.swift; sourceTree = "<group>"; };
		4EEEE4BF2A7774730071E301 /* KeyboardLayouts.swift */ = {isa = PBXFileReference; lastKnownFileType = sourcecode.swift; path = KeyboardLayouts.swift; sourceTree = "<group>"; };
		4EEEE4C22A77769C0071E301 /* ExtIPASymbols.swift */ = {isa = PBXFileReference; lastKnownFileType = sourcecode.swift; path = ExtIPASymbols.swift; sourceTree = "<group>"; };
		4EEEE4C52A777F360071E301 /* NonstandardSymbols.swift */ = {isa = PBXFileReference; lastKnownFileType = sourcecode.swift; path = NonstandardSymbols.swift; sourceTree = "<group>"; };
		4EEEE4C82A77974E0071E301 /* LayoutSwitcherState.swift */ = {isa = PBXFileReference; lastKnownFileType = sourcecode.swift; path = LayoutSwitcherState.swift; sourceTree = "<group>"; };
		4EEEE4CB2A77A5550071E301 /* PinnedSymbolKeys.swift */ = {isa = PBXFileReference; lastKnownFileType = sourcecode.swift; path = PinnedSymbolKeys.swift; sourceTree = "<group>"; };
		4EEEE4CE2A77A6E50071E301 /* SpaceKeyWithCursorControl.swift */ = {isa = PBXFileReference; lastKnownFileType = sourcecode.swift; path = SpaceKeyWithCursorControl.swift; sourceTree = "<group>"; };
		4EEEE4D22A77A9000071E301 /* PinnedGeneralKeys.swift */ = {isa = PBXFileReference; lastKnownFileType = sourcecode.swift; path = PinnedGeneralKeys.swift; sourceTree = "<group>"; };
		4EEEE4D52A77A9DD0071E301 /* KeyboardSizeClass.swift */ = {isa = PBXFileReference; lastKnownFileType = sourcecode.swift; path = KeyboardSizeClass.swift; sourceTree = "<group>"; };
		4EEEE4D82A7881D00071E301 /* SectionScroller.swift */ = {isa = PBXFileReference; lastKnownFileType = sourcecode.swift; path = SectionScroller.swift; sourceTree = "<group>"; };
		4EEEE4DB2A7887BE0071E301 /* LayoutSwitcher.swift */ = {isa = PBXFileReference; lastKnownFileType = sourcecode.swift; path = LayoutSwitcher.swift; sourceTree = "<group>"; };
		4EEEE4DF2A79C0190071E301 /* SectionsSaturationTest.swift */ = {isa = PBXFileReference; lastKnownFileType = sourcecode.swift; path = SectionsSaturationTest.swift; sourceTree = "<group>"; };
		4EEEE4E12A79D3DE0071E301 /* IPA Phonetic Keyboard.storekit */ = {isa = PBXFileReference; lastKnownFileType = text; path = "IPA Phonetic Keyboard.storekit"; sourceTree = "<group>"; };
/* End PBXFileReference section */

/* Begin PBXFrameworksBuildPhase section */
		4E4993E82A77649600616B4E /* Frameworks */ = {
			isa = PBXFrameworksBuildPhase;
			buildActionMask = 2147483647;
			files = (
			);
			runOnlyForDeploymentPostprocessing = 0;
		};
		4E84B14F2140E92F0078AC4B /* Frameworks */ = {
			isa = PBXFrameworksBuildPhase;
			buildActionMask = 2147483647;
			files = (
				4EAFA35526E241A400344131 /* StoreKit.framework in Frameworks */,
			);
			runOnlyForDeploymentPostprocessing = 0;
		};
		4E84B1842140E9980078AC4B /* Frameworks */ = {
			isa = PBXFrameworksBuildPhase;
			buildActionMask = 2147483647;
			files = (
			);
			runOnlyForDeploymentPostprocessing = 0;
		};
/* End PBXFrameworksBuildPhase section */

/* Begin PBXGroup section */
		4E0A9E20283D82EB00378987 /* Shared Models */ = {
			isa = PBXGroup;
			children = (
				4EA664B526EFFF0B001588E9 /* KeyboardLayout.swift */,
				4E0A9E25283D93AE00378987 /* KeyboardLayout+.swift */,
			);
			path = "Shared Models";
			sourceTree = "<group>";
		};
		4E0B7422269BD5210066345B /* View Elements */ = {
			isa = PBXGroup;
			children = (
				4E14C3BC261EAD6F001AE827 /* BlueButtonStyle.swift */,
				4E0B7423269BD5380066345B /* InstructionsListItem.swift */,
				4EAFA34D26E1A86700344131 /* UserTipView.swift */,
				4E4030EF269D456D0081E3FD /* SupportUsPageButtons.swift */,
				4E65D9742724D20500E49DD7 /* LinkCopiedBanner.swift */,
				4E4D98FB2743086D001E701B /* HorizontalIAPButton.swift */,
			);
			path = "View Elements";
			sourceTree = "<group>";
		};
		4E0B7425269C215F0066345B /* Pages */ = {
			isa = PBXGroup;
			children = (
				4E4030F3269FE0520081E3FD /* View+makeStackNavigationPage.swift */,
				4E0B7426269C21840066345B /* GettingStartedPage.swift */,
				4E2148C329F220EC0037328C /* FAQPage.swift */,
				4E0B742A269C2A4A0066345B /* SupportUsPage.swift */,
				4E0B7428269C22390066345B /* SettingsPage.swift */,
				4E3F5658269C45E4002B91A6 /* SettingsCustomKeyboardPage.swift */,
			);
			path = Pages;
			sourceTree = "<group>";
		};
		4E13CE8B2727802700DB5CB0 /* Keyboard Layouts */ = {
			isa = PBXGroup;
			children = (
				4EEEE4BF2A7774730071E301 /* KeyboardLayouts.swift */,
				4E84B1952142624C0078AC4B /* IPASymbols.swift */,
				4EEEE4C22A77769C0071E301 /* ExtIPASymbols.swift */,
				4EEEE4C52A777F360071E301 /* NonstandardSymbols.swift */,
			);
			path = "Keyboard Layouts";
			sourceTree = "<group>";
		};
		4E13CE8C2727807F00DB5CB0 /* Constants */ = {
			isa = PBXGroup;
			children = (
				4EB754C926F526B300B34608 /* ColorConstants.swift */,
				4E5D175A26EAED83003B5C5B /* SystemSounds.swift */,
				4E6755F822EA0F0E00DA88BB /* Symbols.swift */,
				4EAFA35726EABD1A00344131 /* StorageKeys.swift */,
				4E0A9E1C283D789600378987 /* Layout.swift */,
				4E0A9E23283D8E9900378987 /* CollectionViewConstants.swift */,
			);
			path = Constants;
			sourceTree = "<group>";
		};
		4E48DABE26F31A3000F88CD9 /* Keyboard Components */ = {
			isa = PBXGroup;
			children = (
				4E48DABF26F3CB9B00F88CD9 /* KeyButtonView.swift */,
				4E4993DF2A76882800616B4E /* FakeKeyCollection.swift */,
				4E48DAC626F3ED6900F88CD9 /* VisualEffectView.swift */,
				4E48DAC126F3D2CC00F88CD9 /* ExpandedKeyBezierPath.swift */,
			);
			path = "Keyboard Components";
			sourceTree = "<group>";
		};
		4E4993DA2A767F9E00616B4E /* Observable Objects */ = {
			isa = PBXGroup;
			children = (
				4E408CE727110E6700D52CE6 /* BottomRowDataSource.swift */,
				4E4993DB2A767FC700616B4E /* CursorGestureState.swift */,
				4EEEE4C82A77974E0071E301 /* LayoutSwitcherState.swift */,
			);
			path = "Observable Objects";
			sourceTree = "<group>";
		};
		4E4993E22A77400D00616B4E /* Rows */ = {
			isa = PBXGroup;
			children = (
				4EAFA35A26EADBDE00344131 /* ToolbarRow.swift */,
				4E5D175D26EAF00E003B5C5B /* BottomRow.swift */,
				4EEEE4D12A77A86F0071E301 /* Buttons */,
				4E4993E32A77402200616B4E /* Button Groups */,
			);
			path = Rows;
			sourceTree = "<group>";
		};
		4E4993E32A77402200616B4E /* Button Groups */ = {
			isa = PBXGroup;
			children = (
				4EEEE4CB2A77A5550071E301 /* PinnedSymbolKeys.swift */,
				4EEEE4D22A77A9000071E301 /* PinnedGeneralKeys.swift */,
				4EEEE4D82A7881D00071E301 /* SectionScroller.swift */,
			);
			path = "Button Groups";
			sourceTree = "<group>";
		};
		4E4993E42A77616B00616B4E /* Utility */ = {
			isa = PBXGroup;
			children = (
				4EB2E6ED28372F420048C926 /* UIKitHelperFunctions.swift */,
				4E34246928448E7400DABC81 /* Operators.swift */,
			);
			path = Utility;
			sourceTree = "<group>";
		};
		4E4993EC2A77649600616B4E /* IPA KeyboardTests */ = {
			isa = PBXGroup;
			children = (
				4E4993F82A77689B00616B4E /* KeySetConsistentAcrossSizesTest.swift */,
				4EEEE4DF2A79C0190071E301 /* SectionsSaturationTest.swift */,
				4E4993ED2A77649600616B4E /* IPA_KeyboardTests.swift */,
			);
			path = "IPA KeyboardTests";
			sourceTree = "<group>";
		};
		4E5D174F26EAE8DF003B5C5B /* UIKit Wrappers */ = {
			isa = PBXGroup;
			children = (
				4E84B1B8214745CE0078AC4B /* KeyButtonCell.swift */,
				4E84B1A121452AF00078AC4B /* SectionHeader.swift */,
				4EB754CC26F5361100B34608 /* ExpandedKeyOverlay.swift */,
			);
			path = "UIKit Wrappers";
			sourceTree = "<group>";
		};
		4E5D175026EAE8FC003B5C5B /* View Elements */ = {
			isa = PBXGroup;
			children = (
				4E4993DA2A767F9E00616B4E /* Observable Objects */,
				4E5D174C26EAE8B8003B5C5B /* UIInputViewController+.swift */,
				4E5D175126EAE916003B5C5B /* ToolbarButtonStyles.swift */,
				4E48DABE26F31A3000F88CD9 /* Keyboard Components */,
				4E4993E22A77400D00616B4E /* Rows */,
			);
			path = "View Elements";
			sourceTree = "<group>";
		};
		4E6755F122EA060700DA88BB /* Core Keyboard Functionality */ = {
			isa = PBXGroup;
			children = (
				4E6755F222EA062800DA88BB /* IPAKeyboardViewControllerTemplate.swift */,
				4E0A9E21283D8DA200378987 /* IPAKeyboardViewControllerTemplate+UICollectionViewDataSource.swift */,
				4E0A9E27283D9C8300378987 /* KeyButtonActions.swift */,
				4EEEE4D52A77A9DD0071E301 /* KeyboardSizeClass.swift */,
				4E13CE8C2727807F00DB5CB0 /* Constants */,
				4E4993E42A77616B00616B4E /* Utility */,
				4EB2E6DF2836DDFA0048C926 /* UIKit Components */,
				4E5D175026EAE8FC003B5C5B /* View Elements */,
				4E0A9E20283D82EB00378987 /* Shared Models */,
			);
			path = "Core Keyboard Functionality";
			sourceTree = "<group>";
		};
		4E84B1492140E92F0078AC4B = {
			isa = PBXGroup;
			children = (
				4E4C51692462C28200B9AC43 /* README.md */,
				4E6755F122EA060700DA88BB /* Core Keyboard Functionality */,
				4E13CE8B2727802700DB5CB0 /* Keyboard Layouts */,
				4E84B1542140E92F0078AC4B /* IPA Keyboard */,
				4E84B1882140E9980078AC4B /* IPA Keyboard Extension */,
				4E4993EC2A77649600616B4E /* IPA KeyboardTests */,
				4E84B1532140E92F0078AC4B /* Products */,
				4EAFA35326E241A400344131 /* Frameworks */,
			);
			sourceTree = "<group>";
		};
		4E84B1532140E92F0078AC4B /* Products */ = {
			isa = PBXGroup;
			children = (
				4E84B1522140E92F0078AC4B /* IPA Keyboard.app */,
				4E84B1872140E9980078AC4B /* IPA Keyboard Extension.appex */,
				4E4993EB2A77649600616B4E /* IPA KeyboardTests.xctest */,
			);
			name = Products;
			sourceTree = "<group>";
		};
		4E84B1542140E92F0078AC4B /* IPA Keyboard */ = {
			isa = PBXGroup;
			children = (
				4EAFA35226E240B000344131 /* IPA Keyboard.entitlements */,
				4EAC2B6D214B5F02008CF477 /* Localization */,
				4E14C37F261E8624001AE827 /* IPAKeyboardApp.swift */,
				4E14C383261E864C001AE827 /* MainTabView.swift */,
				4E4030E9269C584C0081E3FD /* UIApplicationFunctions.swift */,
				4ED8A73226A11C29001015B2 /* Constants.swift */,
				4E4D98F92742FAE2001E701B /* StoreManager.swift */,
				4EEEE4E12A79D3DE0071E301 /* IPA Phonetic Keyboard.storekit */,
				4E0B7425269C215F0066345B /* Pages */,
				4E0B7422269BD5210066345B /* View Elements */,
				4E84B15C2140E9330078AC4B /* Assets.xcassets */,
				4E84B1612140E9330078AC4B /* Info.plist */,
			);
			path = "IPA Keyboard";
			sourceTree = "<group>";
		};
		4E84B1882140E9980078AC4B /* IPA Keyboard Extension */ = {
			isa = PBXGroup;
			children = (
				4EAFA35626E5B75E00344131 /* IPA Keyboard Extension.entitlements */,
				4E84B1A721456EA50078AC4B /* Localization */,
				4E84B1892140E9980078AC4B /* MainIPAKeyboardViewController.swift */,
				4E84B18B2140E9980078AC4B /* Info.plist */,
			);
			path = "IPA Keyboard Extension";
			sourceTree = "<group>";
		};
		4E84B1A721456EA50078AC4B /* Localization */ = {
			isa = PBXGroup;
			children = (
				4E84B1A921456EEB0078AC4B /* Localizable.strings */,
				4EAA9214217F831A0015DBFE /* InfoPlist.strings */,
			);
			path = Localization;
			sourceTree = "<group>";
		};
		4EAC2B6D214B5F02008CF477 /* Localization */ = {
			isa = PBXGroup;
			children = (
				4EAC2B72214B5F54008CF477 /* InfoPlist.strings */,
				4E14C3B1261E8E16001AE827 /* Localizable.strings */,
			);
			path = Localization;
			sourceTree = "<group>";
		};
		4EAFA35326E241A400344131 /* Frameworks */ = {
			isa = PBXGroup;
			children = (
				4EAFA35426E241A400344131 /* StoreKit.framework */,
			);
			name = Frameworks;
			sourceTree = "<group>";
		};
		4EB2E6DF2836DDFA0048C926 /* UIKit Components */ = {
			isa = PBXGroup;
			children = (
				4E5D174F26EAE8DF003B5C5B /* UIKit Wrappers */,
				4EB2E6E62836E32A0048C926 /* UIKitComponents.swift */,
				4EB2E6E32836E2E90048C926 /* InputSwitchButton.swift */,
			);
			path = "UIKit Components";
			sourceTree = "<group>";
		};
		4EEEE4D12A77A86F0071E301 /* Buttons */ = {
			isa = PBXGroup;
			children = (
				4E19A47826EE8B6B008F3341 /* HoldRepeatButton.swift */,
				4EEEE4DB2A7887BE0071E301 /* LayoutSwitcher.swift */,
				4E5D175726EAEB39003B5C5B /* RepeatTimer.swift */,
				4EB2E6F128373EAB0048C926 /* GlyphButton.swift */,
				4EEEE4CE2A77A6E50071E301 /* SpaceKeyWithCursorControl.swift */,
				4E7958E92A7A752100C54EB4 /* BackwardsDeleteButton.swift */,
			);
			path = Buttons;
			sourceTree = "<group>";
		};
/* End PBXGroup section */

/* Begin PBXNativeTarget section */
		4E4993EA2A77649600616B4E /* IPA KeyboardTests */ = {
			isa = PBXNativeTarget;
			buildConfigurationList = 4E4993F12A77649600616B4E /* Build configuration list for PBXNativeTarget "IPA KeyboardTests" */;
			buildPhases = (
				4E4993E72A77649600616B4E /* Sources */,
				4E4993E82A77649600616B4E /* Frameworks */,
				4E4993E92A77649600616B4E /* Resources */,
			);
			buildRules = (
			);
			dependencies = (
				4E4993F02A77649600616B4E /* PBXTargetDependency */,
			);
			name = "IPA KeyboardTests";
			productName = "IPA KeyboardTests";
			productReference = 4E4993EB2A77649600616B4E /* IPA KeyboardTests.xctest */;
			productType = "com.apple.product-type.bundle.unit-test";
		};
		4E84B1512140E92F0078AC4B /* IPA Keyboard */ = {
			isa = PBXNativeTarget;
			buildConfigurationList = 4E84B17A2140E9340078AC4B /* Build configuration list for PBXNativeTarget "IPA Keyboard" */;
			buildPhases = (
				4E84B14E2140E92F0078AC4B /* Sources */,
				4E84B14F2140E92F0078AC4B /* Frameworks */,
				4E84B1502140E92F0078AC4B /* Resources */,
				4E84B1922140E9980078AC4B /* Embed Foundation Extensions */,
			);
			buildRules = (
			);
			dependencies = (
				4E84B18D2140E9980078AC4B /* PBXTargetDependency */,
			);
			name = "IPA Keyboard";
			productName = "IPA Keyboard";
			productReference = 4E84B1522140E92F0078AC4B /* IPA Keyboard.app */;
			productType = "com.apple.product-type.application";
		};
		4E84B1862140E9980078AC4B /* IPA Keyboard Extension */ = {
			isa = PBXNativeTarget;
			buildConfigurationList = 4E84B18F2140E9980078AC4B /* Build configuration list for PBXNativeTarget "IPA Keyboard Extension" */;
			buildPhases = (
				4E84B1832140E9980078AC4B /* Sources */,
				4E84B1842140E9980078AC4B /* Frameworks */,
				4E84B1852140E9980078AC4B /* Resources */,
			);
			buildRules = (
			);
			dependencies = (
			);
			name = "IPA Keyboard Extension";
			productName = "IPA Keyboard Extension";
			productReference = 4E84B1872140E9980078AC4B /* IPA Keyboard Extension.appex */;
			productType = "com.apple.product-type.app-extension";
		};
/* End PBXNativeTarget section */

/* Begin PBXProject section */
		4E84B14A2140E92F0078AC4B /* Project object */ = {
			isa = PBXProject;
			attributes = {
				BuildIndependentTargetsInParallel = YES;
				LastSwiftUpdateCheck = 1430;
				LastUpgradeCheck = 1430;
				ORGANIZATIONNAME = Vince14Genius;
				TargetAttributes = {
					4E4993EA2A77649600616B4E = {
						CreatedOnToolsVersion = 14.3.1;
						TestTargetID = 4E84B1512140E92F0078AC4B;
					};
					4E84B1512140E92F0078AC4B = {
						CreatedOnToolsVersion = 9.4;
						LastSwiftMigration = 1020;
					};
					4E84B1862140E9980078AC4B = {
						CreatedOnToolsVersion = 9.4;
						LastSwiftMigration = 1020;
					};
				};
			};
			buildConfigurationList = 4E84B14D2140E92F0078AC4B /* Build configuration list for PBXProject "IPA Keyboard" */;
			compatibilityVersion = "Xcode 11.0";
			developmentRegion = en;
			hasScannedForEncodings = 0;
			knownRegions = (
				en,
				Base,
				"zh-Hans",
				ja,
				eo,
				global,
				"zh-Hant",
			);
			mainGroup = 4E84B1492140E92F0078AC4B;
			productRefGroup = 4E84B1532140E92F0078AC4B /* Products */;
			projectDirPath = "";
			projectRoot = "";
			targets = (
				4E84B1512140E92F0078AC4B /* IPA Keyboard */,
				4E84B1862140E9980078AC4B /* IPA Keyboard Extension */,
				4E4993EA2A77649600616B4E /* IPA KeyboardTests */,
			);
		};
/* End PBXProject section */

/* Begin PBXResourcesBuildPhase section */
		4E4993E92A77649600616B4E /* Resources */ = {
			isa = PBXResourcesBuildPhase;
			buildActionMask = 2147483647;
			files = (
			);
			runOnlyForDeploymentPostprocessing = 0;
		};
		4E84B1502140E92F0078AC4B /* Resources */ = {
			isa = PBXResourcesBuildPhase;
			buildActionMask = 2147483647;
			files = (
				4E14C3AF261E8E16001AE827 /* Localizable.strings in Resources */,
				4EAC2B70214B5F54008CF477 /* InfoPlist.strings in Resources */,
				4EEEE4E22A79D3DE0071E301 /* IPA Phonetic Keyboard.storekit in Resources */,
				4E84B15D2140E9330078AC4B /* Assets.xcassets in Resources */,
			);
			runOnlyForDeploymentPostprocessing = 0;
		};
		4E84B1852140E9980078AC4B /* Resources */ = {
			isa = PBXResourcesBuildPhase;
			buildActionMask = 2147483647;
			files = (
				4E84B1AB21456EEB0078AC4B /* Localizable.strings in Resources */,
				4EEEE4E32A79D3DE0071E301 /* IPA Phonetic Keyboard.storekit in Resources */,
				4EAA9212217F831A0015DBFE /* InfoPlist.strings in Resources */,
			);
			runOnlyForDeploymentPostprocessing = 0;
		};
/* End PBXResourcesBuildPhase section */

/* Begin PBXSourcesBuildPhase section */
		4E4993E72A77649600616B4E /* Sources */ = {
			isa = PBXSourcesBuildPhase;
			buildActionMask = 2147483647;
			files = (
				4EEEE4E02A79C0190071E301 /* SectionsSaturationTest.swift in Sources */,
				4E4993F92A77689C00616B4E /* KeySetConsistentAcrossSizesTest.swift in Sources */,
				4E4993EE2A77649600616B4E /* IPA_KeyboardTests.swift in Sources */,
			);
			runOnlyForDeploymentPostprocessing = 0;
		};
		4E84B14E2140E92F0078AC4B /* Sources */ = {
			isa = PBXSourcesBuildPhase;
			buildActionMask = 2147483647;
			files = (
				4EAFA35826EABD1A00344131 /* StorageKeys.swift in Sources */,
				4E34246A28448E7400DABC81 /* Operators.swift in Sources */,
				4E4993F72A77685400616B4E /* IPASymbols.swift in Sources */,
				4E0B7429269C22390066345B /* SettingsPage.swift in Sources */,
				4E7958EA2A7A752100C54EB4 /* BackwardsDeleteButton.swift in Sources */,
				4E34B55F26F3FB7B00323D23 /* KeyButtonView.swift in Sources */,
				4E4D98FC2743086D001E701B /* HorizontalIAPButton.swift in Sources */,
				4E34B56126F3FB8B00323D23 /* ToolbarButtonStyles.swift in Sources */,
				4E0B7427269C21840066345B /* GettingStartedPage.swift in Sources */,
				4E34B55C26F3F64600323D23 /* VisualEffectView.swift in Sources */,
				4EEEE4CD2A77A5EB0071E301 /* PinnedSymbolKeys.swift in Sources */,
				4E4993DD2A7680A900616B4E /* ToolbarRow.swift in Sources */,
				4EDF784D2A7DCF790020CFC0 /* KeyboardSizeClass.swift in Sources */,
				4E0A9E1D283D789600378987 /* Layout.swift in Sources */,
				4E4030F0269D456D0081E3FD /* SupportUsPageButtons.swift in Sources */,
				4EB2E6E42836E2E90048C926 /* InputSwitchButton.swift in Sources */,
				4EEEE4DE2A788BBA0071E301 /* KeyboardLayout+.swift in Sources */,
				4EB2E6F228373EAB0048C926 /* GlyphButton.swift in Sources */,
				4E34B56626F3FB8B00323D23 /* UIInputViewController+.swift in Sources */,
				4EEEE4CF2A77A6E50071E301 /* SpaceKeyWithCursorControl.swift in Sources */,
				4E0B742B269C2A4A0066345B /* SupportUsPage.swift in Sources */,
				4E34B56426F3FB8B00323D23 /* HoldRepeatButton.swift in Sources */,
				4E4030EA269C584C0081E3FD /* UIApplicationFunctions.swift in Sources */,
				4EEEE4C02A7774730071E301 /* KeyboardLayouts.swift in Sources */,
				4EB754C726F4310300B34608 /* SectionHeader.swift in Sources */,
				4E14C384261E864C001AE827 /* MainTabView.swift in Sources */,
				4EEEE4D92A7881D00071E301 /* SectionScroller.swift in Sources */,
				4E4993E02A76882800616B4E /* FakeKeyCollection.swift in Sources */,
				4E408CE827110E6700D52CE6 /* BottomRowDataSource.swift in Sources */,
				4E5D174B26EAE751003B5C5B /* Symbols.swift in Sources */,
				4E2148C429F220EC0037328C /* FAQPage.swift in Sources */,
				4EAFA34E26E1A86700344131 /* UserTipView.swift in Sources */,
				4E0A9E1F283D82CA00378987 /* KeyboardLayout.swift in Sources */,
				4E34B56026F3FB8B00323D23 /* BottomRow.swift in Sources */,
				4EEEE4C92A77974E0071E301 /* LayoutSwitcherState.swift in Sources */,
				4E4993DE2A7680AD00616B4E /* CursorGestureState.swift in Sources */,
				4E14C380261E8624001AE827 /* IPAKeyboardApp.swift in Sources */,
				4EEEE4C32A77769C0071E301 /* ExtIPASymbols.swift in Sources */,
				4E14C3BD261EAD6F001AE827 /* BlueButtonStyle.swift in Sources */,
				4EB2E6E72836E32A0048C926 /* UIKitComponents.swift in Sources */,
				4EB754CA26F526B300B34608 /* ColorConstants.swift in Sources */,
				4E4D98FA2742FAE2001E701B /* StoreManager.swift in Sources */,
				4EEEE4DC2A7887BE0071E301 /* LayoutSwitcher.swift in Sources */,
				4EB754CD26F5361100B34608 /* ExpandedKeyOverlay.swift in Sources */,
				4EB754C826F4310300B34608 /* KeyButtonCell.swift in Sources */,
				4E5D175B26EAED83003B5C5B /* SystemSounds.swift in Sources */,
				4EB2E6EE28372F420048C926 /* UIKitHelperFunctions.swift in Sources */,
				4E3F5659269C45E4002B91A6 /* SettingsCustomKeyboardPage.swift in Sources */,
				4E4030F4269FE0530081E3FD /* View+makeStackNavigationPage.swift in Sources */,
				4E0B7424269BD5380066345B /* InstructionsListItem.swift in Sources */,
				4E65D9752724D20500E49DD7 /* LinkCopiedBanner.swift in Sources */,
				4ED8A73326A11C29001015B2 /* Constants.swift in Sources */,
				4E34B56526F3FB8B00323D23 /* ExpandedKeyBezierPath.swift in Sources */,
				4E34B56226F3FB8B00323D23 /* RepeatTimer.swift in Sources */,
				4EEEE4C62A777F360071E301 /* NonstandardSymbols.swift in Sources */,
				4EEEE4D32A77A9000071E301 /* PinnedGeneralKeys.swift in Sources */,
			);
			runOnlyForDeploymentPostprocessing = 0;
		};
		4E84B1832140E9980078AC4B /* Sources */ = {
			isa = PBXSourcesBuildPhase;
			buildActionMask = 2147483647;
			files = (
				4EEEE4D02A77A6E50071E301 /* SpaceKeyWithCursorControl.swift in Sources */,
				4EEEE4C42A77769C0071E301 /* ExtIPASymbols.swift in Sources */,
				4EB2E6E52836E2E90048C926 /* InputSwitchButton.swift in Sources */,
				4E5D175326EAE916003B5C5B /* ToolbarButtonStyles.swift in Sources */,
				4E84B1962142624C0078AC4B /* IPASymbols.swift in Sources */,
				4E34B55826F3F62E00323D23 /* KeyButtonView.swift in Sources */,
				4EB2E6EF28372F420048C926 /* UIKitHelperFunctions.swift in Sources */,
				4EEEE4D72A77A9DD0071E301 /* KeyboardSizeClass.swift in Sources */,
				4E0A9E1E283D789600378987 /* Layout.swift in Sources */,
				4EEEE4DA2A7881D00071E301 /* SectionScroller.swift in Sources */,
				4EEEE4CC2A77A5550071E301 /* PinnedSymbolKeys.swift in Sources */,
				4E34246B28448F5100DABC81 /* Operators.swift in Sources */,
				4E34B55926F3F63600323D23 /* ExpandedKeyBezierPath.swift in Sources */,
				4E0A9E29283D9C9F00378987 /* KeyButtonActions.swift in Sources */,
				4EEEE4DD2A7887BE0071E301 /* LayoutSwitcher.swift in Sources */,
				4E19A47A26EE8B6B008F3341 /* HoldRepeatButton.swift in Sources */,
				4EB754CB26F526B300B34608 /* ColorConstants.swift in Sources */,
				4EA664B626EFFF0B001588E9 /* KeyboardLayout.swift in Sources */,
				4E5D175926EAEB39003B5C5B /* RepeatTimer.swift in Sources */,
				4EEEE4CA2A77974E0071E301 /* LayoutSwitcherState.swift in Sources */,
				4E5D175F26EAF00E003B5C5B /* BottomRow.swift in Sources */,
				4E6755F422EA062800DA88BB /* IPAKeyboardViewControllerTemplate.swift in Sources */,
				4E84B18A2140E9980078AC4B /* MainIPAKeyboardViewController.swift in Sources */,
				4E84B1A221452AF00078AC4B /* SectionHeader.swift in Sources */,
				4E4993DC2A767FC700616B4E /* CursorGestureState.swift in Sources */,
				4EB2E6F328373EAB0048C926 /* GlyphButton.swift in Sources */,
				4E0A9E24283D8E9900378987 /* CollectionViewConstants.swift in Sources */,
				4EAFA35926EABD7500344131 /* StorageKeys.swift in Sources */,
				4EAFA35B26EADBDE00344131 /* ToolbarRow.swift in Sources */,
				4EEEE4D42A77A9000071E301 /* PinnedGeneralKeys.swift in Sources */,
				4E408CE927110E6700D52CE6 /* BottomRowDataSource.swift in Sources */,
				4E6755F922EA0F0E00DA88BB /* Symbols.swift in Sources */,
				4E0A9E22283D8DA200378987 /* IPAKeyboardViewControllerTemplate+UICollectionViewDataSource.swift in Sources */,
				4EB2E6E82836E32A0048C926 /* UIKitComponents.swift in Sources */,
				4EEEE4C12A7774730071E301 /* KeyboardLayouts.swift in Sources */,
				4E5D174E26EAE8B8003B5C5B /* UIInputViewController+.swift in Sources */,
				4E7958EB2A7A752100C54EB4 /* BackwardsDeleteButton.swift in Sources */,
				4E5D175C26EAED83003B5C5B /* SystemSounds.swift in Sources */,
				4E4993E12A76882800616B4E /* FakeKeyCollection.swift in Sources */,
				4E48DAC826F3ED6900F88CD9 /* VisualEffectView.swift in Sources */,
				4EEEE4C72A777F360071E301 /* NonstandardSymbols.swift in Sources */,
				4E84B1B9214745CE0078AC4B /* KeyButtonCell.swift in Sources */,
				4E0A9E26283D93AE00378987 /* KeyboardLayout+.swift in Sources */,
				4EB754CE26F5361100B34608 /* ExpandedKeyOverlay.swift in Sources */,
			);
			runOnlyForDeploymentPostprocessing = 0;
		};
/* End PBXSourcesBuildPhase section */

/* Begin PBXTargetDependency section */
		4E4993F02A77649600616B4E /* PBXTargetDependency */ = {
			isa = PBXTargetDependency;
			target = 4E84B1512140E92F0078AC4B /* IPA Keyboard */;
			targetProxy = 4E4993EF2A77649600616B4E /* PBXContainerItemProxy */;
		};
		4E84B18D2140E9980078AC4B /* PBXTargetDependency */ = {
			isa = PBXTargetDependency;
			target = 4E84B1862140E9980078AC4B /* IPA Keyboard Extension */;
			targetProxy = 4E84B18C2140E9980078AC4B /* PBXContainerItemProxy */;
		};
/* End PBXTargetDependency section */

/* Begin PBXVariantGroup section */
		4E14C3B1261E8E16001AE827 /* Localizable.strings */ = {
			isa = PBXVariantGroup;
			children = (
				4E14C3B4261E8E19001AE827 /* en */,
				4E4030EC269D0B880081E3FD /* zh-Hant */,
				4E4030ED269D0B8A0081E3FD /* ja */,
				4E4030EE269D0B8B0081E3FD /* eo */,
				4EAFA35126E22CC700344131 /* zh-Hans */,
			);
			name = Localizable.strings;
			sourceTree = "<group>";
		};
		4E84B1A921456EEB0078AC4B /* Localizable.strings */ = {
			isa = PBXVariantGroup;
			children = (
				4E84B1AD21456F660078AC4B /* Base */,
				4E84B1AE21456F680078AC4B /* en */,
				4E84B1B121456F940078AC4B /* zh-Hans */,
				4E84B1B421456FB40078AC4B /* ja */,
				4E84B1B721456FC40078AC4B /* eo */,
				4E5D16BF22B393DF00F40B13 /* zh-Hant */,
			);
			name = Localizable.strings;
			sourceTree = "<group>";
		};
		4EAA9214217F831A0015DBFE /* InfoPlist.strings */ = {
			isa = PBXVariantGroup;
			children = (
				4EAA9213217F831A0015DBFE /* en */,
				4EAA9215217F831D0015DBFE /* zh-Hans */,
				4EAA9216217F831F0015DBFE /* ja */,
				4EAA9217217F83220015DBFE /* eo */,
				4E5D16C022B393DF00F40B13 /* zh-Hant */,
			);
			name = InfoPlist.strings;
			sourceTree = "<group>";
		};
		4EAC2B72214B5F54008CF477 /* InfoPlist.strings */ = {
			isa = PBXVariantGroup;
			children = (
				4EAC2B71214B5F54008CF477 /* en */,
				4EAC2B73214B5F59008CF477 /* zh-Hans */,
				4EAC2B74214B5F5A008CF477 /* ja */,
				4EAC2B75214B5F5B008CF477 /* eo */,
				4E5D16BE22B393DF00F40B13 /* zh-Hant */,
			);
			name = InfoPlist.strings;
			sourceTree = "<group>";
		};
/* End PBXVariantGroup section */

/* Begin XCBuildConfiguration section */
		4E4993F22A77649600616B4E /* Debug */ = {
			isa = XCBuildConfiguration;
			buildSettings = {
				BUNDLE_LOADER = "$(TEST_HOST)";
				CLANG_CXX_LANGUAGE_STANDARD = "gnu++20";
				CODE_SIGN_STYLE = Automatic;
				CURRENT_PROJECT_VERSION = 1;
				DEVELOPMENT_TEAM = S5LH6VYMA5;
				GENERATE_INFOPLIST_FILE = YES;
				IPHONEOS_DEPLOYMENT_TARGET = 16.4;
				MARKETING_VERSION = 1.0;
				MTL_ENABLE_DEBUG_INFO = INCLUDE_SOURCE;
				MTL_FAST_MATH = YES;
				PRODUCT_BUNDLE_IDENTIFIER = "com.Vince14Genius.IPA-KeyboardTests";
				PRODUCT_NAME = "$(TARGET_NAME)";
				SWIFT_EMIT_LOC_STRINGS = NO;
				SWIFT_VERSION = 5.0;
				TARGETED_DEVICE_FAMILY = "1,2";
				TEST_HOST = "$(BUILT_PRODUCTS_DIR)/IPA Keyboard.app/$(BUNDLE_EXECUTABLE_FOLDER_PATH)/IPA Keyboard";
			};
			name = Debug;
		};
		4E4993F32A77649600616B4E /* Release */ = {
			isa = XCBuildConfiguration;
			buildSettings = {
				BUNDLE_LOADER = "$(TEST_HOST)";
				CLANG_CXX_LANGUAGE_STANDARD = "gnu++20";
				CODE_SIGN_STYLE = Automatic;
				CURRENT_PROJECT_VERSION = 1;
				DEVELOPMENT_TEAM = S5LH6VYMA5;
				GENERATE_INFOPLIST_FILE = YES;
				IPHONEOS_DEPLOYMENT_TARGET = 16.4;
				MARKETING_VERSION = 1.0;
				MTL_FAST_MATH = YES;
				PRODUCT_BUNDLE_IDENTIFIER = "com.Vince14Genius.IPA-KeyboardTests";
				PRODUCT_NAME = "$(TARGET_NAME)";
				SWIFT_EMIT_LOC_STRINGS = NO;
				SWIFT_VERSION = 5.0;
				TARGETED_DEVICE_FAMILY = "1,2";
				TEST_HOST = "$(BUILT_PRODUCTS_DIR)/IPA Keyboard.app/$(BUNDLE_EXECUTABLE_FOLDER_PATH)/IPA Keyboard";
			};
			name = Release;
		};
		4E84B1782140E9340078AC4B /* Debug */ = {
			isa = XCBuildConfiguration;
			buildSettings = {
				ALWAYS_SEARCH_USER_PATHS = NO;
				CLANG_ANALYZER_LOCALIZABILITY_NONLOCALIZED = YES;
				CLANG_ANALYZER_NONNULL = YES;
				CLANG_ANALYZER_NUMBER_OBJECT_CONVERSION = YES_AGGRESSIVE;
				CLANG_CXX_LANGUAGE_STANDARD = "gnu++14";
				CLANG_CXX_LIBRARY = "libc++";
				CLANG_ENABLE_MODULES = YES;
				CLANG_ENABLE_OBJC_ARC = YES;
				CLANG_ENABLE_OBJC_WEAK = YES;
				CLANG_WARN_BLOCK_CAPTURE_AUTORELEASING = YES;
				CLANG_WARN_BOOL_CONVERSION = YES;
				CLANG_WARN_COMMA = YES;
				CLANG_WARN_CONSTANT_CONVERSION = YES;
				CLANG_WARN_DEPRECATED_OBJC_IMPLEMENTATIONS = YES;
				CLANG_WARN_DIRECT_OBJC_ISA_USAGE = YES_ERROR;
				CLANG_WARN_DOCUMENTATION_COMMENTS = YES;
				CLANG_WARN_EMPTY_BODY = YES;
				CLANG_WARN_ENUM_CONVERSION = YES;
				CLANG_WARN_INFINITE_RECURSION = YES;
				CLANG_WARN_INT_CONVERSION = YES;
				CLANG_WARN_NON_LITERAL_NULL_CONVERSION = YES;
				CLANG_WARN_OBJC_IMPLICIT_RETAIN_SELF = YES;
				CLANG_WARN_OBJC_LITERAL_CONVERSION = YES;
				CLANG_WARN_OBJC_ROOT_CLASS = YES_ERROR;
				CLANG_WARN_QUOTED_INCLUDE_IN_FRAMEWORK_HEADER = YES;
				CLANG_WARN_RANGE_LOOP_ANALYSIS = YES;
				CLANG_WARN_STRICT_PROTOTYPES = YES;
				CLANG_WARN_SUSPICIOUS_MOVE = YES;
				CLANG_WARN_UNGUARDED_AVAILABILITY = YES_AGGRESSIVE;
				CLANG_WARN_UNREACHABLE_CODE = YES;
				CLANG_WARN__DUPLICATE_METHOD_MATCH = YES;
				CODE_SIGN_IDENTITY = "iPhone Developer";
				COPY_PHASE_STRIP = NO;
				DEBUG_INFORMATION_FORMAT = dwarf;
				ENABLE_STRICT_OBJC_MSGSEND = YES;
				ENABLE_TESTABILITY = YES;
				GCC_C_LANGUAGE_STANDARD = gnu11;
				GCC_DYNAMIC_NO_PIC = NO;
				GCC_NO_COMMON_BLOCKS = YES;
				GCC_OPTIMIZATION_LEVEL = 0;
				GCC_PREPROCESSOR_DEFINITIONS = (
					"DEBUG=1",
					"$(inherited)",
				);
				GCC_WARN_64_TO_32_BIT_CONVERSION = YES;
				GCC_WARN_ABOUT_RETURN_TYPE = YES_ERROR;
				GCC_WARN_UNDECLARED_SELECTOR = YES;
				GCC_WARN_UNINITIALIZED_AUTOS = YES_AGGRESSIVE;
				GCC_WARN_UNUSED_FUNCTION = YES;
				GCC_WARN_UNUSED_VARIABLE = YES;
				IPHONEOS_DEPLOYMENT_TARGET = 14.0;
				MTL_ENABLE_DEBUG_INFO = YES;
				ONLY_ACTIVE_ARCH = YES;
				SDKROOT = iphoneos;
				SWIFT_ACTIVE_COMPILATION_CONDITIONS = DEBUG;
				SWIFT_OPTIMIZATION_LEVEL = "-Onone";
			};
			name = Debug;
		};
		4E84B1792140E9340078AC4B /* Release */ = {
			isa = XCBuildConfiguration;
			buildSettings = {
				ALWAYS_SEARCH_USER_PATHS = NO;
				CLANG_ANALYZER_LOCALIZABILITY_NONLOCALIZED = YES;
				CLANG_ANALYZER_NONNULL = YES;
				CLANG_ANALYZER_NUMBER_OBJECT_CONVERSION = YES_AGGRESSIVE;
				CLANG_CXX_LANGUAGE_STANDARD = "gnu++14";
				CLANG_CXX_LIBRARY = "libc++";
				CLANG_ENABLE_MODULES = YES;
				CLANG_ENABLE_OBJC_ARC = YES;
				CLANG_ENABLE_OBJC_WEAK = YES;
				CLANG_WARN_BLOCK_CAPTURE_AUTORELEASING = YES;
				CLANG_WARN_BOOL_CONVERSION = YES;
				CLANG_WARN_COMMA = YES;
				CLANG_WARN_CONSTANT_CONVERSION = YES;
				CLANG_WARN_DEPRECATED_OBJC_IMPLEMENTATIONS = YES;
				CLANG_WARN_DIRECT_OBJC_ISA_USAGE = YES_ERROR;
				CLANG_WARN_DOCUMENTATION_COMMENTS = YES;
				CLANG_WARN_EMPTY_BODY = YES;
				CLANG_WARN_ENUM_CONVERSION = YES;
				CLANG_WARN_INFINITE_RECURSION = YES;
				CLANG_WARN_INT_CONVERSION = YES;
				CLANG_WARN_NON_LITERAL_NULL_CONVERSION = YES;
				CLANG_WARN_OBJC_IMPLICIT_RETAIN_SELF = YES;
				CLANG_WARN_OBJC_LITERAL_CONVERSION = YES;
				CLANG_WARN_OBJC_ROOT_CLASS = YES_ERROR;
				CLANG_WARN_QUOTED_INCLUDE_IN_FRAMEWORK_HEADER = YES;
				CLANG_WARN_RANGE_LOOP_ANALYSIS = YES;
				CLANG_WARN_STRICT_PROTOTYPES = YES;
				CLANG_WARN_SUSPICIOUS_MOVE = YES;
				CLANG_WARN_UNGUARDED_AVAILABILITY = YES_AGGRESSIVE;
				CLANG_WARN_UNREACHABLE_CODE = YES;
				CLANG_WARN__DUPLICATE_METHOD_MATCH = YES;
				CODE_SIGN_IDENTITY = "iPhone Developer";
				COPY_PHASE_STRIP = NO;
				DEBUG_INFORMATION_FORMAT = "dwarf-with-dsym";
				ENABLE_NS_ASSERTIONS = NO;
				ENABLE_STRICT_OBJC_MSGSEND = YES;
				GCC_C_LANGUAGE_STANDARD = gnu11;
				GCC_NO_COMMON_BLOCKS = YES;
				GCC_WARN_64_TO_32_BIT_CONVERSION = YES;
				GCC_WARN_ABOUT_RETURN_TYPE = YES_ERROR;
				GCC_WARN_UNDECLARED_SELECTOR = YES;
				GCC_WARN_UNINITIALIZED_AUTOS = YES_AGGRESSIVE;
				GCC_WARN_UNUSED_FUNCTION = YES;
				GCC_WARN_UNUSED_VARIABLE = YES;
				IPHONEOS_DEPLOYMENT_TARGET = 14.0;
				MTL_ENABLE_DEBUG_INFO = NO;
				SDKROOT = iphoneos;
				SWIFT_COMPILATION_MODE = wholemodule;
				SWIFT_OPTIMIZATION_LEVEL = "-O";
				VALIDATE_PRODUCT = YES;
			};
			name = Release;
		};
		4E84B17B2140E9340078AC4B /* Debug */ = {
			isa = XCBuildConfiguration;
			buildSettings = {
				ALWAYS_EMBED_SWIFT_STANDARD_LIBRARIES = YES;
				ASSETCATALOG_COMPILER_APPICON_NAME = AppIcon;
				CODE_SIGN_ENTITLEMENTS = "IPA Keyboard/IPA Keyboard.entitlements";
				CODE_SIGN_IDENTITY = "Apple Development";
				CODE_SIGN_STYLE = Automatic;
				CURRENT_PROJECT_VERSION = 1;
				DEVELOPMENT_TEAM = S5LH6VYMA5;
				INFOPLIST_FILE = "IPA Keyboard/Info.plist";
				IPHONEOS_DEPLOYMENT_TARGET = 14.0;
				LD_RUNPATH_SEARCH_PATHS = (
					"$(inherited)",
					"@executable_path/Frameworks",
				);
				MARKETING_VERSION = 1.2;
				PRODUCT_BUNDLE_IDENTIFIER = "com.Vince14Genius.IPA-Keyboard-iOS";
				PRODUCT_NAME = "$(TARGET_NAME)";
				PROVISIONING_PROFILE_SPECIFIER = "";
				SWIFT_VERSION = 5.0;
				TARGETED_DEVICE_FAMILY = "1,2";
			};
			name = Debug;
		};
		4E84B17C2140E9340078AC4B /* Release */ = {
			isa = XCBuildConfiguration;
			buildSettings = {
				ALWAYS_EMBED_SWIFT_STANDARD_LIBRARIES = YES;
				ASSETCATALOG_COMPILER_APPICON_NAME = AppIcon;
				CODE_SIGN_ENTITLEMENTS = "IPA Keyboard/IPA Keyboard.entitlements";
				CODE_SIGN_IDENTITY = "Apple Development";
				CODE_SIGN_STYLE = Automatic;
				CURRENT_PROJECT_VERSION = 1;
				DEVELOPMENT_TEAM = S5LH6VYMA5;
				INFOPLIST_FILE = "IPA Keyboard/Info.plist";
				IPHONEOS_DEPLOYMENT_TARGET = 14.0;
				LD_RUNPATH_SEARCH_PATHS = (
					"$(inherited)",
					"@executable_path/Frameworks",
				);
				MARKETING_VERSION = 1.2;
				PRODUCT_BUNDLE_IDENTIFIER = "com.Vince14Genius.IPA-Keyboard-iOS";
				PRODUCT_NAME = "$(TARGET_NAME)";
				PROVISIONING_PROFILE_SPECIFIER = "";
				SWIFT_VERSION = 5.0;
				TARGETED_DEVICE_FAMILY = "1,2";
			};
			name = Release;
		};
		4E84B1902140E9980078AC4B /* Debug */ = {
			isa = XCBuildConfiguration;
			buildSettings = {
				CODE_SIGN_ENTITLEMENTS = "IPA Keyboard Extension/IPA Keyboard Extension.entitlements";
				CODE_SIGN_STYLE = Automatic;
				CURRENT_PROJECT_VERSION = 1;
				DEVELOPMENT_TEAM = S5LH6VYMA5;
				INFOPLIST_FILE = "IPA Keyboard Extension/Info.plist";
				IPHONEOS_DEPLOYMENT_TARGET = 14.0;
				LD_RUNPATH_SEARCH_PATHS = (
					"$(inherited)",
					"@executable_path/Frameworks",
					"@executable_path/../../Frameworks",
				);
				MARKETING_VERSION = 1.2;
				PRODUCT_BUNDLE_IDENTIFIER = "com.Vince14Genius.IPA-Keyboard-iOS.IPA-Keyboard-Extension";
				PRODUCT_NAME = "$(TARGET_NAME)";
				SKIP_INSTALL = YES;
				SWIFT_VERSION = 5.0;
				TARGETED_DEVICE_FAMILY = "1,2";
			};
			name = Debug;
		};
		4E84B1912140E9980078AC4B /* Release */ = {
			isa = XCBuildConfiguration;
			buildSettings = {
				CODE_SIGN_ENTITLEMENTS = "IPA Keyboard Extension/IPA Keyboard Extension.entitlements";
				CODE_SIGN_STYLE = Automatic;
				CURRENT_PROJECT_VERSION = 1;
				DEVELOPMENT_TEAM = S5LH6VYMA5;
				INFOPLIST_FILE = "IPA Keyboard Extension/Info.plist";
				IPHONEOS_DEPLOYMENT_TARGET = 14.0;
				LD_RUNPATH_SEARCH_PATHS = (
					"$(inherited)",
					"@executable_path/Frameworks",
					"@executable_path/../../Frameworks",
				);
				MARKETING_VERSION = 1.2;
				PRODUCT_BUNDLE_IDENTIFIER = "com.Vince14Genius.IPA-Keyboard-iOS.IPA-Keyboard-Extension";
				PRODUCT_NAME = "$(TARGET_NAME)";
				SKIP_INSTALL = YES;
				SWIFT_VERSION = 5.0;
				TARGETED_DEVICE_FAMILY = "1,2";
			};
			name = Release;
		};
/* End XCBuildConfiguration section */

/* Begin XCConfigurationList section */
		4E4993F12A77649600616B4E /* Build configuration list for PBXNativeTarget "IPA KeyboardTests" */ = {
			isa = XCConfigurationList;
			buildConfigurations = (
				4E4993F22A77649600616B4E /* Debug */,
				4E4993F32A77649600616B4E /* Release */,
			);
			defaultConfigurationIsVisible = 0;
			defaultConfigurationName = Release;
		};
		4E84B14D2140E92F0078AC4B /* Build configuration list for PBXProject "IPA Keyboard" */ = {
			isa = XCConfigurationList;
			buildConfigurations = (
				4E84B1782140E9340078AC4B /* Debug */,
				4E84B1792140E9340078AC4B /* Release */,
			);
			defaultConfigurationIsVisible = 0;
			defaultConfigurationName = Release;
		};
		4E84B17A2140E9340078AC4B /* Build configuration list for PBXNativeTarget "IPA Keyboard" */ = {
			isa = XCConfigurationList;
			buildConfigurations = (
				4E84B17B2140E9340078AC4B /* Debug */,
				4E84B17C2140E9340078AC4B /* Release */,
			);
			defaultConfigurationIsVisible = 0;
			defaultConfigurationName = Release;
		};
		4E84B18F2140E9980078AC4B /* Build configuration list for PBXNativeTarget "IPA Keyboard Extension" */ = {
			isa = XCConfigurationList;
			buildConfigurations = (
				4E84B1902140E9980078AC4B /* Debug */,
				4E84B1912140E9980078AC4B /* Release */,
			);
			defaultConfigurationIsVisible = 0;
			defaultConfigurationName = Release;
		};
/* End XCConfigurationList section */
	};
	rootObject = 4E84B14A2140E92F0078AC4B /* Project object */;
}
